<?xml version="1.0" encoding="utf-8"?>
<Project ToolsVersion="4.0" xmlns="http://schemas.microsoft.com/developer/msbuild/2003">
  <ItemGroup>
    <Filter Include="Shaders">
      <UniqueIdentifier>{db85db68-c7ee-41ea-8165-3e9235161500}</UniqueIdentifier>
    </Filter>
    <Filter Include="Source files">
      <UniqueIdentifier>{4FC737F1-C7A5-4376-A066-2A32D752A2FF}</UniqueIdentifier>
      <Extensions>cpp;c;cc;cxx;def;odl;idl;hpj;bat;asm;asmx</Extensions>
    </Filter>
    <Filter Include="Header files">
      <UniqueIdentifier>{93995380-89BD-4b04-88EB-625FBE52EBFB}</UniqueIdentifier>
      <Extensions>h;hpp;hxx;hm;inl;inc;xsd</Extensions>
    </Filter>
  </ItemGroup>
  <ItemGroup>
    <ClInclude Include="targetver.h">
      <Filter>Header files</Filter>
    </ClInclude>
    <ClInclude Include="WWDirectComputeUser.h">
      <Filter>Header files</Filter>
    </ClInclude>
    <ClInclude Include="WWUtil.h">
      <Filter>Header files</Filter>
    </ClInclude>
    <ClInclude Include="WWDirectComputeIOIF.h">
      <Filter>Header files</Filter>
    </ClInclude>
    <ClInclude Include="WWUpsampleGpu.h">
      <Filter>Header files</Filter>
    </ClInclude>
    <ClInclude Include="WWFdtd2d.h">
      <Filter>Header files</Filter>
    </ClInclude>
    <ClInclude Include="WWWave1DGpu.h">
      <Filter>Header files</Filter>
    </ClInclude>
    <ClInclude Include="WWWave2DGpu.h">
      <Filter>Header files</Filter>
    </ClInclude>
    <ClInclude Include="WWWave1DStim.h">
      <Filter>Header files</Filter>
    </ClInclude>
  </ItemGroup>
  <ItemGroup>
    <ClCompile Include="dllmain.cpp">
      <Filter>Source files</Filter>
    </ClCompile>
    <ClCompile Include="WWDirectComputeUser.cpp">
      <Filter>Source files</Filter>
    </ClCompile>
    <ClCompile Include="WWUtil.cpp">
      <Filter>Source files</Filter>
    </ClCompile>
    <ClCompile Include="WWDirectComputeIOIF.cpp">
      <Filter>Source files</Filter>
    </ClCompile>
    <ClCompile Include="WWUpsampleGpu.cpp">
      <Filter>Source files</Filter>
    </ClCompile>
    <ClCompile Include="WWWave1DGpu.cpp">
      <Filter>Source files</Filter>
    </ClCompile>
    <ClCompile Include="WWWave2DGpu.cpp">
      <Filter>Source files</Filter>
    </ClCompile>
  </ItemGroup>
  <ItemGroup>
    <None Include="SincConvolution.hlsl">
      <Filter>Shaders</Filter>
    </None>
    <None Include="SincConvolution2.hlsl">
      <Filter>Shaders</Filter>
    </None>
    <None Include="CSTest.hlsl">
      <Filter>Shaders</Filter>
    </None>
  </ItemGroup>
  <ItemGroup>
    <CustomBuild Include="Wave1DShaderUpdateP.hlsl">
      <Filter>Shaders</Filter>
    </CustomBuild>
    <CustomBuild Include="Wave1DShaderUpdateStim.hlsl">
      <Filter>Shaders</Filter>
    </CustomBuild>
    <CustomBuild Include="Wave2DShaderUpdateV.hlsl">
      <Filter>Shaders</Filter>
    </CustomBuild>
    <CustomBuild Include="Wave1DShaderUpdateV.hlsl">
      <Filter>Shaders</Filter>
    </CustomBuild>
    <CustomBuild Include="Wave2DShaderCopyP.hlsl">
      <Filter>Shaders</Filter>
    </CustomBuild>
    <CustomBuild Include="Wave2DShaderUpdateP.hlsl">
      <Filter>Shaders</Filter>
    </CustomBuild>
    <CustomBuild Include="Wave2DShaderUpdatePEdgeABC.hlsl">
      <Filter>Shaders</Filter>
    </CustomBuild>
    <CustomBuild Include="Wave2DShaderUpdatePEdgeABC2.hlsl">
      <Filter>Shaders</Filter>
    </CustomBuild>
  </ItemGroup>
</Project>