
Microsoft Visual Studio Solution File, Format Version 11.00
# Visual Studio 2010
Project("{8BC9CEB8-8B4A-11D0-8D11-00A0C91BC942}") = "WWCudaCrossfeed", "WWCudaCrossfeed.vcxproj", "{F733B998-7036-4C67-B364-00763D6B31A1}"
	ProjectSection(ProjectDependencies) = postProject
		{C2210BF3-3EAF-42BF-992D-BE6D84A3CC8A} = {C2210BF3-3EAF-42BF-992D-BE6D84A3CC8A}
	EndProjectSection
EndProject
Project("{8BC9CEB8-8B4A-11D0-8D11-00A0C91BC942}") = "WWFlacRWvs2010", "..\WWFlacRW\WWFlacRWvs2010.vcxproj", "{C2210BF3-3EAF-42BF-992D-BE6D84A3CC8A}"
EndProject
Global
	GlobalSection(SolutionConfigurationPlatforms) = preSolution
		Debug|Any CPU = Debug|Any CPU
		Debug|Win32 = Debug|Win32
		Debug|x64 = Debug|x64
		Release|Any CPU = Release|Any CPU
		Release|Win32 = Release|Win32
		Release|x64 = Release|x64
	EndGlobalSection
	GlobalSection(ProjectConfigurationPlatforms) = postSolution
		{F733B998-7036-4C67-B364-00763D6B31A1}.Debug|Any CPU.ActiveCfg = Debug|x64
		{F733B998-7036-4C67-B364-00763D6B31A1}.Debug|Win32.ActiveCfg = Debug|Win32
		{F733B998-7036-4C67-B364-00763D6B31A1}.Debug|Win32.Build.0 = Debug|Win32
		{F733B998-7036-4C67-B364-00763D6B31A1}.Debug|x64.ActiveCfg = Debug|x64
		{F733B998-7036-4C67-B364-00763D6B31A1}.Debug|x64.Build.0 = Debug|x64
		{F733B998-7036-4C67-B364-00763D6B31A1}.Release|Any CPU.ActiveCfg = Release|x64
		{F733B998-7036-4C67-B364-00763D6B31A1}.Release|Win32.ActiveCfg = Release|Win32
		{F733B998-7036-4C67-B364-00763D6B31A1}.Release|Win32.Build.0 = Release|Win32
		{F733B998-7036-4C67-B364-00763D6B31A1}.Release|x64.ActiveCfg = Release|x64
		{F733B998-7036-4C67-B364-00763D6B31A1}.Release|x64.Build.0 = Release|x64
		{C2210BF3-3EAF-42BF-992D-BE6D84A3CC8A}.Debug|Any CPU.ActiveCfg = Debug|x64
		{C2210BF3-3EAF-42BF-992D-BE6D84A3CC8A}.Debug|Win32.ActiveCfg = Debug|Win32
		{C2210BF3-3EAF-42BF-992D-BE6D84A3CC8A}.Debug|Win32.Build.0 = Debug|Win32
		{C2210BF3-3EAF-42BF-992D-BE6D84A3CC8A}.Debug|x64.ActiveCfg = Debug|x64
		{C2210BF3-3EAF-42BF-992D-BE6D84A3CC8A}.Debug|x64.Build.0 = Debug|x64
		{C2210BF3-3EAF-42BF-992D-BE6D84A3CC8A}.Release|Any CPU.ActiveCfg = Release|x64
		{C2210BF3-3EAF-42BF-992D-BE6D84A3CC8A}.Release|Win32.ActiveCfg = Release|Win32
		{C2210BF3-3EAF-42BF-992D-BE6D84A3CC8A}.Release|Win32.Build.0 = Release|Win32
		{C2210BF3-3EAF-42BF-992D-BE6D84A3CC8A}.Release|x64.ActiveCfg = Release|x64
		{C2210BF3-3EAF-42BF-992D-BE6D84A3CC8A}.Release|x64.Build.0 = Release|x64
	EndGlobalSection
	GlobalSection(SolutionProperties) = preSolution
		HideSolutionNode = FALSE
	EndGlobalSection
EndGlobal
