
Microsoft Visual Studio Solution File, Format Version 11.00
# Visual Studio 2010
Project("{FAE04EC0-301F-11D3-BF4B-00C04F79EFBC}") = "Wav2Image", "Wav2Image.csproj", "{33578C5C-577E-479C-A556-9CA7C85A6F18}"
EndProject
Project("{FAE04EC0-301F-11D3-BF4B-00C04F79EFBC}") = "WavRWLib2", "..\WavRWLib2\WavRWLib2.csproj", "{77005090-E2C5-4063-9681-0D0EED33A2B2}"
EndProject
Project("{FAE04EC0-301F-11D3-BF4B-00C04F79EFBC}") = "PcmDataLib", "..\PcmData\PcmDataLib.csproj", "{7AF36E7B-839D-4C2F-AAFD-6D8319714D66}"
EndProject
Global
	GlobalSection(SolutionConfigurationPlatforms) = preSolution
		Debug|x64 = Debug|x64
		Debug|x86 = Debug|x86
		Release|x64 = Release|x64
		Release|x86 = Release|x86
	EndGlobalSection
	GlobalSection(ProjectConfigurationPlatforms) = postSolution
		{33578C5C-577E-479C-A556-9CA7C85A6F18}.Debug|x64.ActiveCfg = Debug|x86
		{33578C5C-577E-479C-A556-9CA7C85A6F18}.Debug|x86.ActiveCfg = Debug|x86
		{33578C5C-577E-479C-A556-9CA7C85A6F18}.Debug|x86.Build.0 = Debug|x86
		{33578C5C-577E-479C-A556-9CA7C85A6F18}.Release|x64.ActiveCfg = Release|x86
		{33578C5C-577E-479C-A556-9CA7C85A6F18}.Release|x86.ActiveCfg = Release|x86
		{33578C5C-577E-479C-A556-9CA7C85A6F18}.Release|x86.Build.0 = Release|x86
		{77005090-E2C5-4063-9681-0D0EED33A2B2}.Debug|x64.ActiveCfg = Debug|x64
		{77005090-E2C5-4063-9681-0D0EED33A2B2}.Debug|x64.Build.0 = Debug|x64
		{77005090-E2C5-4063-9681-0D0EED33A2B2}.Debug|x86.ActiveCfg = Debug|x86
		{77005090-E2C5-4063-9681-0D0EED33A2B2}.Debug|x86.Build.0 = Debug|x86
		{77005090-E2C5-4063-9681-0D0EED33A2B2}.Release|x64.ActiveCfg = Release|x64
		{77005090-E2C5-4063-9681-0D0EED33A2B2}.Release|x64.Build.0 = Release|x64
		{77005090-E2C5-4063-9681-0D0EED33A2B2}.Release|x86.ActiveCfg = Release|x86
		{77005090-E2C5-4063-9681-0D0EED33A2B2}.Release|x86.Build.0 = Release|x86
		{7AF36E7B-839D-4C2F-AAFD-6D8319714D66}.Debug|x64.ActiveCfg = Debug|x64
		{7AF36E7B-839D-4C2F-AAFD-6D8319714D66}.Debug|x64.Build.0 = Debug|x64
		{7AF36E7B-839D-4C2F-AAFD-6D8319714D66}.Debug|x86.ActiveCfg = Debug|x86
		{7AF36E7B-839D-4C2F-AAFD-6D8319714D66}.Debug|x86.Build.0 = Debug|x86
		{7AF36E7B-839D-4C2F-AAFD-6D8319714D66}.Release|x64.ActiveCfg = Release|x64
		{7AF36E7B-839D-4C2F-AAFD-6D8319714D66}.Release|x64.Build.0 = Release|x64
		{7AF36E7B-839D-4C2F-AAFD-6D8319714D66}.Release|x86.ActiveCfg = Release|x86
		{7AF36E7B-839D-4C2F-AAFD-6D8319714D66}.Release|x86.Build.0 = Release|x86
	EndGlobalSection
	GlobalSection(SolutionProperties) = preSolution
		HideSolutionNode = FALSE
	EndGlobalSection
EndGlobal
