
Microsoft Visual Studio Solution File, Format Version 12.00
# Visual Studio 15
VisualStudioVersion = 15.0.28307.168
MinimumVisualStudioVersion = 10.0.40219.1
Project("{FAE04EC0-301F-11D3-BF4B-00C04F79EFBC}") = "WWSpatialAudioPlayer", "WWSpatialAudioPlayer.csproj", "{30FA5C4D-406B-4B2D-9934-E80CAAA3AA74}"
	ProjectSection(ProjectDependencies) = postProject
		{1342D295-C319-41A7-8C12-EDEE22FDD949} = {1342D295-C319-41A7-8C12-EDEE22FDD949}
	EndProjectSection
EndProject
Project("{8BC9CEB8-8B4A-11D0-8D11-00A0C91BC942}") = "WWMFReaderCpp2017", "..\WWMFReader\WWMFReaderCpp2017.vcxproj", "{1342D295-C319-41A7-8C12-EDEE22FDD949}"
EndProject
Project("{FAE04EC0-301F-11D3-BF4B-00C04F79EFBC}") = "WWMFReaderCs2017", "..\WWMFReaderCs\WWMFReaderCs2017.csproj", "{7B9A2E60-CE68-4EC8-9B2E-07A4F8585C94}"
	ProjectSection(ProjectDependencies) = postProject
		{1342D295-C319-41A7-8C12-EDEE22FDD949} = {1342D295-C319-41A7-8C12-EDEE22FDD949}
	EndProjectSection
EndProject
Project("{8BC9CEB8-8B4A-11D0-8D11-00A0C91BC942}") = "WWSpatialAudioUserCpp2017", "..\WWSpatialAudioUserCpp\WWSpatialAudioUserCpp2017.vcxproj", "{73224500-BBDF-40DC-AFC0-7B4AE4FA5758}"
EndProject
Project("{FAE04EC0-301F-11D3-BF4B-00C04F79EFBC}") = "WWSpatialAudioUserCs2017", "..\WWSpatialAudioUserCs\WWSpatialAudioUserCs2017.csproj", "{48F7F7A8-E4B5-4416-BCF6-A73E9DAFE96E}"
	ProjectSection(ProjectDependencies) = postProject
		{73224500-BBDF-40DC-AFC0-7B4AE4FA5758} = {73224500-BBDF-40DC-AFC0-7B4AE4FA5758}
	EndProjectSection
EndProject
Project("{8BC9CEB8-8B4A-11D0-8D11-00A0C91BC942}") = "WWMFResamplerCpp2017", "..\WWMFResamplerCpp\WWMFResamplerCpp2017.vcxproj", "{B2DF1144-009E-4F95-8DFB-BBC981AC333F}"
EndProject
Project("{FAE04EC0-301F-11D3-BF4B-00C04F79EFBC}") = "WWMFResamplerCs2017", "..\WWMFResamplerCs\WWMFResamplerCs2017.csproj", "{35C58F30-AD19-4E81-8555-A560ADE9075C}"
EndProject
Global
	GlobalSection(SolutionConfigurationPlatforms) = preSolution
		Debug|x64 = Debug|x64
		Release|x64 = Release|x64
	EndGlobalSection
	GlobalSection(ProjectConfigurationPlatforms) = postSolution
		{30FA5C4D-406B-4B2D-9934-E80CAAA3AA74}.Debug|x64.ActiveCfg = Debug|x64
		{30FA5C4D-406B-4B2D-9934-E80CAAA3AA74}.Debug|x64.Build.0 = Debug|x64
		{30FA5C4D-406B-4B2D-9934-E80CAAA3AA74}.Release|x64.ActiveCfg = Release|x64
		{30FA5C4D-406B-4B2D-9934-E80CAAA3AA74}.Release|x64.Build.0 = Release|x64
		{1342D295-C319-41A7-8C12-EDEE22FDD949}.Debug|x64.ActiveCfg = Debug|x64
		{1342D295-C319-41A7-8C12-EDEE22FDD949}.Debug|x64.Build.0 = Debug|x64
		{1342D295-C319-41A7-8C12-EDEE22FDD949}.Release|x64.ActiveCfg = Release|x64
		{1342D295-C319-41A7-8C12-EDEE22FDD949}.Release|x64.Build.0 = Release|x64
		{7B9A2E60-CE68-4EC8-9B2E-07A4F8585C94}.Debug|x64.ActiveCfg = Debug|x64
		{7B9A2E60-CE68-4EC8-9B2E-07A4F8585C94}.Debug|x64.Build.0 = Debug|x64
		{7B9A2E60-CE68-4EC8-9B2E-07A4F8585C94}.Release|x64.ActiveCfg = Release|x64
		{7B9A2E60-CE68-4EC8-9B2E-07A4F8585C94}.Release|x64.Build.0 = Release|x64
		{73224500-BBDF-40DC-AFC0-7B4AE4FA5758}.Debug|x64.ActiveCfg = Debug|x64
		{73224500-BBDF-40DC-AFC0-7B4AE4FA5758}.Debug|x64.Build.0 = Debug|x64
		{73224500-BBDF-40DC-AFC0-7B4AE4FA5758}.Release|x64.ActiveCfg = Release|x64
		{73224500-BBDF-40DC-AFC0-7B4AE4FA5758}.Release|x64.Build.0 = Release|x64
		{48F7F7A8-E4B5-4416-BCF6-A73E9DAFE96E}.Debug|x64.ActiveCfg = Debug|x64
		{48F7F7A8-E4B5-4416-BCF6-A73E9DAFE96E}.Debug|x64.Build.0 = Debug|x64
		{48F7F7A8-E4B5-4416-BCF6-A73E9DAFE96E}.Release|x64.ActiveCfg = Release|x64
		{48F7F7A8-E4B5-4416-BCF6-A73E9DAFE96E}.Release|x64.Build.0 = Release|x64
		{B2DF1144-009E-4F95-8DFB-BBC981AC333F}.Debug|x64.ActiveCfg = Debug|x64
		{B2DF1144-009E-4F95-8DFB-BBC981AC333F}.Debug|x64.Build.0 = Debug|x64
		{B2DF1144-009E-4F95-8DFB-BBC981AC333F}.Release|x64.ActiveCfg = Release|x64
		{B2DF1144-009E-4F95-8DFB-BBC981AC333F}.Release|x64.Build.0 = Release|x64
		{35C58F30-AD19-4E81-8555-A560ADE9075C}.Debug|x64.ActiveCfg = Debug|x64
		{35C58F30-AD19-4E81-8555-A560ADE9075C}.Debug|x64.Build.0 = Debug|x64
		{35C58F30-AD19-4E81-8555-A560ADE9075C}.Release|x64.ActiveCfg = Release|x64
		{35C58F30-AD19-4E81-8555-A560ADE9075C}.Release|x64.Build.0 = Release|x64
	EndGlobalSection
	GlobalSection(SolutionProperties) = preSolution
		HideSolutionNode = FALSE
	EndGlobalSection
	GlobalSection(ExtensibilityGlobals) = postSolution
		SolutionGuid = {7623D3B3-DEDB-4E07-8C3D-51AB40F48128}
	EndGlobalSection
EndGlobal
