
Microsoft Visual Studio Solution File, Format Version 11.00
# Visual Studio 2010
Project("{FAE04EC0-301F-11D3-BF4B-00C04F79EFBC}") = "ReadAllFilesOnSpecifiedFolder", "ReadAllFilesOnSpecifiedFolder.csproj", "{E173BC05-E00D-45C2-9896-765602EA15D9}"
EndProject
Project("{FAE04EC0-301F-11D3-BF4B-00C04F79EFBC}") = "WWUtil", "..\WWUtil\WWUtil.csproj", "{FC57308E-CF56-4B3E-B920-4093660D0A4A}"
EndProject
Global
	GlobalSection(SolutionConfigurationPlatforms) = preSolution
		Debug|x64 = Debug|x64
		Debug|x86 = Debug|x86
		Release|x64 = Release|x64
		Release|x86 = Release|x86
	EndGlobalSection
	GlobalSection(ProjectConfigurationPlatforms) = postSolution
		{E173BC05-E00D-45C2-9896-765602EA15D9}.Debug|x64.ActiveCfg = Debug|x64
		{E173BC05-E00D-45C2-9896-765602EA15D9}.Debug|x64.Build.0 = Debug|x64
		{E173BC05-E00D-45C2-9896-765602EA15D9}.Debug|x86.ActiveCfg = Debug|x86
		{E173BC05-E00D-45C2-9896-765602EA15D9}.Debug|x86.Build.0 = Debug|x86
		{E173BC05-E00D-45C2-9896-765602EA15D9}.Release|x64.ActiveCfg = Release|x64
		{E173BC05-E00D-45C2-9896-765602EA15D9}.Release|x64.Build.0 = Release|x64
		{E173BC05-E00D-45C2-9896-765602EA15D9}.Release|x86.ActiveCfg = Release|x86
		{E173BC05-E00D-45C2-9896-765602EA15D9}.Release|x86.Build.0 = Release|x86
		{FC57308E-CF56-4B3E-B920-4093660D0A4A}.Debug|x64.ActiveCfg = Debug|x64
		{FC57308E-CF56-4B3E-B920-4093660D0A4A}.Debug|x64.Build.0 = Debug|x64
		{FC57308E-CF56-4B3E-B920-4093660D0A4A}.Debug|x86.ActiveCfg = Debug|x86
		{FC57308E-CF56-4B3E-B920-4093660D0A4A}.Debug|x86.Build.0 = Debug|x86
		{FC57308E-CF56-4B3E-B920-4093660D0A4A}.Release|x64.ActiveCfg = Release|x64
		{FC57308E-CF56-4B3E-B920-4093660D0A4A}.Release|x64.Build.0 = Release|x64
		{FC57308E-CF56-4B3E-B920-4093660D0A4A}.Release|x86.ActiveCfg = Release|x86
		{FC57308E-CF56-4B3E-B920-4093660D0A4A}.Release|x86.Build.0 = Release|x86
	EndGlobalSection
	GlobalSection(SolutionProperties) = preSolution
		HideSolutionNode = FALSE
	EndGlobalSection
EndGlobal
