
Microsoft Visual Studio Solution File, Format Version 11.00
# Visual Studio 2010
Project("{FAE04EC0-301F-11D3-BF4B-00C04F79EFBC}") = "RecPcmWin", "RecPcmWin.csproj", "{171071D1-0BA4-4443-8C41-0909D808A48E}"
	ProjectSection(ProjectDependencies) = postProject
		{AB557C03-95F9-4D3A-B2CB-16EC26D884CD} = {AB557C03-95F9-4D3A-B2CB-16EC26D884CD}
		{0D9C1283-4DA5-4C3F-8A4E-AD8194381DE4} = {0D9C1283-4DA5-4C3F-8A4E-AD8194381DE4}
		{77005090-E2C5-4063-9681-0D0EED33A2B2} = {77005090-E2C5-4063-9681-0D0EED33A2B2}
		{136171C7-C541-424C-AEC3-FF42CE4DB567} = {136171C7-C541-424C-AEC3-FF42CE4DB567}
	EndProjectSection
EndProject
Project("{FAE04EC0-301F-11D3-BF4B-00C04F79EFBC}") = "WasapiCS", "..\WasapiCS\WasapiCS.csproj", "{0D9C1283-4DA5-4C3F-8A4E-AD8194381DE4}"
	ProjectSection(ProjectDependencies) = postProject
		{136171C7-C541-424C-AEC3-FF42CE4DB567} = {136171C7-C541-424C-AEC3-FF42CE4DB567}
	EndProjectSection
EndProject
Project("{8BC9CEB8-8B4A-11D0-8D11-00A0C91BC942}") = "WasapiIODLL", "..\WasapiIODLL\WasapiIODLL.vcxproj", "{136171C7-C541-424C-AEC3-FF42CE4DB567}"
	ProjectSection(ProjectDependencies) = postProject
		{CB5A7579-C19C-4625-9EAB-81F795507ACF} = {CB5A7579-C19C-4625-9EAB-81F795507ACF}
	EndProjectSection
EndProject
Project("{FAE04EC0-301F-11D3-BF4B-00C04F79EFBC}") = "WavRWLib2", "..\WavRWLib2\WavRWLib2.csproj", "{77005090-E2C5-4063-9681-0D0EED33A2B2}"
EndProject
Project("{FAE04EC0-301F-11D3-BF4B-00C04F79EFBC}") = "PcmDataLib", "..\PcmData\PcmDataLib.csproj", "{7AF36E7B-839D-4C2F-AAFD-6D8319714D66}"
EndProject
Project("{FAE04EC0-301F-11D3-BF4B-00C04F79EFBC}") = "WWXmlRW", "..\WWXmlRW\WWXmlRW.csproj", "{AB557C03-95F9-4D3A-B2CB-16EC26D884CD}"
EndProject
Project("{FAE04EC0-301F-11D3-BF4B-00C04F79EFBC}") = "WWUtil", "..\WWUtil\WWUtil.csproj", "{FC57308E-CF56-4B3E-B920-4093660D0A4A}"
EndProject
Project("{FAE04EC0-301F-11D3-BF4B-00C04F79EFBC}") = "WWUserControls", "..\WWUserControls\WWUserControls.csproj", "{2721D7F3-8A5A-4059-A619-BB5ED7ACCC0C}"
EndProject
Project("{FAE04EC0-301F-11D3-BF4B-00C04F79EFBC}") = "WWMath", "..\WWMath\WWMath.csproj", "{80F0BF47-21F6-4E12-BE21-4036F6C6F3A5}"
EndProject
Project("{8BC9CEB8-8B4A-11D0-8D11-00A0C91BC942}") = "WWDSPCppVs2010", "..\WWDSPCpp\WWDSPCppVs2010.vcxproj", "{A7D636E0-5D03-424B-BE66-1B7EF35168D9}"
EndProject
Project("{8BC9CEB8-8B4A-11D0-8D11-00A0C91BC942}") = "WWCommonCpp", "..\WWCommonCpp\WWCommonCpp.vcxproj", "{CB5A7579-C19C-4625-9EAB-81F795507ACF}"
EndProject
Global
	GlobalSection(SolutionConfigurationPlatforms) = preSolution
		Debug|Win32 = Debug|Win32
		Debug|x64 = Debug|x64
		Debug|x86 = Debug|x86
		Release|Win32 = Release|Win32
		Release|x64 = Release|x64
		Release|x86 = Release|x86
	EndGlobalSection
	GlobalSection(ProjectConfigurationPlatforms) = postSolution
		{171071D1-0BA4-4443-8C41-0909D808A48E}.Debug|Win32.ActiveCfg = Debug|x64
		{171071D1-0BA4-4443-8C41-0909D808A48E}.Debug|x64.ActiveCfg = Debug|x64
		{171071D1-0BA4-4443-8C41-0909D808A48E}.Debug|x64.Build.0 = Debug|x64
		{171071D1-0BA4-4443-8C41-0909D808A48E}.Debug|x86.ActiveCfg = Debug|x86
		{171071D1-0BA4-4443-8C41-0909D808A48E}.Debug|x86.Build.0 = Debug|x86
		{171071D1-0BA4-4443-8C41-0909D808A48E}.Release|Win32.ActiveCfg = Release|x64
		{171071D1-0BA4-4443-8C41-0909D808A48E}.Release|x64.ActiveCfg = Release|x64
		{171071D1-0BA4-4443-8C41-0909D808A48E}.Release|x64.Build.0 = Release|x64
		{171071D1-0BA4-4443-8C41-0909D808A48E}.Release|x86.ActiveCfg = Release|x86
		{171071D1-0BA4-4443-8C41-0909D808A48E}.Release|x86.Build.0 = Release|x86
		{0D9C1283-4DA5-4C3F-8A4E-AD8194381DE4}.Debug|Win32.ActiveCfg = Debug|x86
		{0D9C1283-4DA5-4C3F-8A4E-AD8194381DE4}.Debug|x64.ActiveCfg = Debug|x64
		{0D9C1283-4DA5-4C3F-8A4E-AD8194381DE4}.Debug|x64.Build.0 = Debug|x64
		{0D9C1283-4DA5-4C3F-8A4E-AD8194381DE4}.Debug|x86.ActiveCfg = Debug|x86
		{0D9C1283-4DA5-4C3F-8A4E-AD8194381DE4}.Debug|x86.Build.0 = Debug|x86
		{0D9C1283-4DA5-4C3F-8A4E-AD8194381DE4}.Release|Win32.ActiveCfg = Release|x86
		{0D9C1283-4DA5-4C3F-8A4E-AD8194381DE4}.Release|x64.ActiveCfg = Release|x64
		{0D9C1283-4DA5-4C3F-8A4E-AD8194381DE4}.Release|x64.Build.0 = Release|x64
		{0D9C1283-4DA5-4C3F-8A4E-AD8194381DE4}.Release|x86.ActiveCfg = Release|x86
		{0D9C1283-4DA5-4C3F-8A4E-AD8194381DE4}.Release|x86.Build.0 = Release|x86
		{136171C7-C541-424C-AEC3-FF42CE4DB567}.Debug|Win32.ActiveCfg = Debug|Win32
		{136171C7-C541-424C-AEC3-FF42CE4DB567}.Debug|Win32.Build.0 = Debug|Win32
		{136171C7-C541-424C-AEC3-FF42CE4DB567}.Debug|x64.ActiveCfg = Debug|x64
		{136171C7-C541-424C-AEC3-FF42CE4DB567}.Debug|x64.Build.0 = Debug|x64
		{136171C7-C541-424C-AEC3-FF42CE4DB567}.Debug|x86.ActiveCfg = Debug|Win32
		{136171C7-C541-424C-AEC3-FF42CE4DB567}.Debug|x86.Build.0 = Debug|Win32
		{136171C7-C541-424C-AEC3-FF42CE4DB567}.Release|Win32.ActiveCfg = Release|Win32
		{136171C7-C541-424C-AEC3-FF42CE4DB567}.Release|Win32.Build.0 = Release|Win32
		{136171C7-C541-424C-AEC3-FF42CE4DB567}.Release|x64.ActiveCfg = Release|x64
		{136171C7-C541-424C-AEC3-FF42CE4DB567}.Release|x64.Build.0 = Release|x64
		{136171C7-C541-424C-AEC3-FF42CE4DB567}.Release|x86.ActiveCfg = Release|Win32
		{136171C7-C541-424C-AEC3-FF42CE4DB567}.Release|x86.Build.0 = Release|Win32
		{77005090-E2C5-4063-9681-0D0EED33A2B2}.Debug|Win32.ActiveCfg = Debug|x86
		{77005090-E2C5-4063-9681-0D0EED33A2B2}.Debug|x64.ActiveCfg = Debug|x64
		{77005090-E2C5-4063-9681-0D0EED33A2B2}.Debug|x64.Build.0 = Debug|x64
		{77005090-E2C5-4063-9681-0D0EED33A2B2}.Debug|x86.ActiveCfg = Debug|x86
		{77005090-E2C5-4063-9681-0D0EED33A2B2}.Debug|x86.Build.0 = Debug|x86
		{77005090-E2C5-4063-9681-0D0EED33A2B2}.Release|Win32.ActiveCfg = Release|x86
		{77005090-E2C5-4063-9681-0D0EED33A2B2}.Release|x64.ActiveCfg = Release|x64
		{77005090-E2C5-4063-9681-0D0EED33A2B2}.Release|x64.Build.0 = Release|x64
		{77005090-E2C5-4063-9681-0D0EED33A2B2}.Release|x86.ActiveCfg = Release|x86
		{77005090-E2C5-4063-9681-0D0EED33A2B2}.Release|x86.Build.0 = Release|x86
		{7AF36E7B-839D-4C2F-AAFD-6D8319714D66}.Debug|Win32.ActiveCfg = Debug|x86
		{7AF36E7B-839D-4C2F-AAFD-6D8319714D66}.Debug|x64.ActiveCfg = Debug|x64
		{7AF36E7B-839D-4C2F-AAFD-6D8319714D66}.Debug|x64.Build.0 = Debug|x64
		{7AF36E7B-839D-4C2F-AAFD-6D8319714D66}.Debug|x86.ActiveCfg = Debug|x86
		{7AF36E7B-839D-4C2F-AAFD-6D8319714D66}.Debug|x86.Build.0 = Debug|x86
		{7AF36E7B-839D-4C2F-AAFD-6D8319714D66}.Release|Win32.ActiveCfg = Release|x86
		{7AF36E7B-839D-4C2F-AAFD-6D8319714D66}.Release|x64.ActiveCfg = Release|x64
		{7AF36E7B-839D-4C2F-AAFD-6D8319714D66}.Release|x64.Build.0 = Release|x64
		{7AF36E7B-839D-4C2F-AAFD-6D8319714D66}.Release|x86.ActiveCfg = Release|x86
		{7AF36E7B-839D-4C2F-AAFD-6D8319714D66}.Release|x86.Build.0 = Release|x86
		{AB557C03-95F9-4D3A-B2CB-16EC26D884CD}.Debug|Win32.ActiveCfg = Debug|x86
		{AB557C03-95F9-4D3A-B2CB-16EC26D884CD}.Debug|x64.ActiveCfg = Debug|x64
		{AB557C03-95F9-4D3A-B2CB-16EC26D884CD}.Debug|x64.Build.0 = Debug|x64
		{AB557C03-95F9-4D3A-B2CB-16EC26D884CD}.Debug|x86.ActiveCfg = Debug|x86
		{AB557C03-95F9-4D3A-B2CB-16EC26D884CD}.Debug|x86.Build.0 = Debug|x86
		{AB557C03-95F9-4D3A-B2CB-16EC26D884CD}.Release|Win32.ActiveCfg = Release|x86
		{AB557C03-95F9-4D3A-B2CB-16EC26D884CD}.Release|x64.ActiveCfg = Release|x64
		{AB557C03-95F9-4D3A-B2CB-16EC26D884CD}.Release|x64.Build.0 = Release|x64
		{AB557C03-95F9-4D3A-B2CB-16EC26D884CD}.Release|x86.ActiveCfg = Release|x86
		{AB557C03-95F9-4D3A-B2CB-16EC26D884CD}.Release|x86.Build.0 = Release|x86
		{FC57308E-CF56-4B3E-B920-4093660D0A4A}.Debug|Win32.ActiveCfg = Debug|x86
		{FC57308E-CF56-4B3E-B920-4093660D0A4A}.Debug|x64.ActiveCfg = Debug|x64
		{FC57308E-CF56-4B3E-B920-4093660D0A4A}.Debug|x64.Build.0 = Debug|x64
		{FC57308E-CF56-4B3E-B920-4093660D0A4A}.Debug|x86.ActiveCfg = Debug|x86
		{FC57308E-CF56-4B3E-B920-4093660D0A4A}.Debug|x86.Build.0 = Debug|x86
		{FC57308E-CF56-4B3E-B920-4093660D0A4A}.Release|Win32.ActiveCfg = Release|x86
		{FC57308E-CF56-4B3E-B920-4093660D0A4A}.Release|x64.ActiveCfg = Release|x64
		{FC57308E-CF56-4B3E-B920-4093660D0A4A}.Release|x64.Build.0 = Release|x64
		{FC57308E-CF56-4B3E-B920-4093660D0A4A}.Release|x86.ActiveCfg = Release|x86
		{FC57308E-CF56-4B3E-B920-4093660D0A4A}.Release|x86.Build.0 = Release|x86
		{2721D7F3-8A5A-4059-A619-BB5ED7ACCC0C}.Debug|Win32.ActiveCfg = Debug|x86
		{2721D7F3-8A5A-4059-A619-BB5ED7ACCC0C}.Debug|x64.ActiveCfg = Debug|x64
		{2721D7F3-8A5A-4059-A619-BB5ED7ACCC0C}.Debug|x64.Build.0 = Debug|x64
		{2721D7F3-8A5A-4059-A619-BB5ED7ACCC0C}.Debug|x86.ActiveCfg = Debug|x86
		{2721D7F3-8A5A-4059-A619-BB5ED7ACCC0C}.Debug|x86.Build.0 = Debug|x86
		{2721D7F3-8A5A-4059-A619-BB5ED7ACCC0C}.Release|Win32.ActiveCfg = Release|x86
		{2721D7F3-8A5A-4059-A619-BB5ED7ACCC0C}.Release|x64.ActiveCfg = Release|x64
		{2721D7F3-8A5A-4059-A619-BB5ED7ACCC0C}.Release|x64.Build.0 = Release|x64
		{2721D7F3-8A5A-4059-A619-BB5ED7ACCC0C}.Release|x86.ActiveCfg = Release|x86
		{2721D7F3-8A5A-4059-A619-BB5ED7ACCC0C}.Release|x86.Build.0 = Release|x86
		{80F0BF47-21F6-4E12-BE21-4036F6C6F3A5}.Debug|Win32.ActiveCfg = Debug|x86
		{80F0BF47-21F6-4E12-BE21-4036F6C6F3A5}.Debug|x64.ActiveCfg = Debug|x64
		{80F0BF47-21F6-4E12-BE21-4036F6C6F3A5}.Debug|x64.Build.0 = Debug|x64
		{80F0BF47-21F6-4E12-BE21-4036F6C6F3A5}.Debug|x86.ActiveCfg = Debug|x86
		{80F0BF47-21F6-4E12-BE21-4036F6C6F3A5}.Debug|x86.Build.0 = Debug|x86
		{80F0BF47-21F6-4E12-BE21-4036F6C6F3A5}.Release|Win32.ActiveCfg = Release|x86
		{80F0BF47-21F6-4E12-BE21-4036F6C6F3A5}.Release|x64.ActiveCfg = Release|x64
		{80F0BF47-21F6-4E12-BE21-4036F6C6F3A5}.Release|x64.Build.0 = Release|x64
		{80F0BF47-21F6-4E12-BE21-4036F6C6F3A5}.Release|x86.ActiveCfg = Release|x86
		{80F0BF47-21F6-4E12-BE21-4036F6C6F3A5}.Release|x86.Build.0 = Release|x86
		{A7D636E0-5D03-424B-BE66-1B7EF35168D9}.Debug|Win32.ActiveCfg = Debug|Win32
		{A7D636E0-5D03-424B-BE66-1B7EF35168D9}.Debug|Win32.Build.0 = Debug|Win32
		{A7D636E0-5D03-424B-BE66-1B7EF35168D9}.Debug|x64.ActiveCfg = Debug|x64
		{A7D636E0-5D03-424B-BE66-1B7EF35168D9}.Debug|x64.Build.0 = Debug|x64
		{A7D636E0-5D03-424B-BE66-1B7EF35168D9}.Debug|x86.ActiveCfg = Debug|Win32
		{A7D636E0-5D03-424B-BE66-1B7EF35168D9}.Debug|x86.Build.0 = Debug|Win32
		{A7D636E0-5D03-424B-BE66-1B7EF35168D9}.Release|Win32.ActiveCfg = Release|Win32
		{A7D636E0-5D03-424B-BE66-1B7EF35168D9}.Release|Win32.Build.0 = Release|Win32
		{A7D636E0-5D03-424B-BE66-1B7EF35168D9}.Release|x64.ActiveCfg = Release|x64
		{A7D636E0-5D03-424B-BE66-1B7EF35168D9}.Release|x64.Build.0 = Release|x64
		{A7D636E0-5D03-424B-BE66-1B7EF35168D9}.Release|x86.ActiveCfg = Release|Win32
		{A7D636E0-5D03-424B-BE66-1B7EF35168D9}.Release|x86.Build.0 = Release|Win32
		{CB5A7579-C19C-4625-9EAB-81F795507ACF}.Debug|Win32.ActiveCfg = Debug|Win32
		{CB5A7579-C19C-4625-9EAB-81F795507ACF}.Debug|Win32.Build.0 = Debug|Win32
		{CB5A7579-C19C-4625-9EAB-81F795507ACF}.Debug|x64.ActiveCfg = Debug|x64
		{CB5A7579-C19C-4625-9EAB-81F795507ACF}.Debug|x64.Build.0 = Debug|x64
		{CB5A7579-C19C-4625-9EAB-81F795507ACF}.Debug|x86.ActiveCfg = Debug|x64
		{CB5A7579-C19C-4625-9EAB-81F795507ACF}.Release|Win32.ActiveCfg = Release|Win32
		{CB5A7579-C19C-4625-9EAB-81F795507ACF}.Release|Win32.Build.0 = Release|Win32
		{CB5A7579-C19C-4625-9EAB-81F795507ACF}.Release|x64.ActiveCfg = Release|x64
		{CB5A7579-C19C-4625-9EAB-81F795507ACF}.Release|x64.Build.0 = Release|x64
		{CB5A7579-C19C-4625-9EAB-81F795507ACF}.Release|x86.ActiveCfg = Release|x64
	EndGlobalSection
	GlobalSection(SolutionProperties) = preSolution
		HideSolutionNode = FALSE
	EndGlobalSection
EndGlobal
