
Microsoft Visual Studio Solution File, Format Version 12.00
# Visual Studio 15
VisualStudioVersion = 15.0.28307.168
MinimumVisualStudioVersion = 10.0.40219.1
Project("{FAE04EC0-301F-11D3-BF4B-00C04F79EFBC}") = "WWShowAudioStatus", "WWShowAudioStatus.csproj", "{CA0C8371-8FB9-445C-9ECA-A0B157395870}"
	ProjectSection(ProjectDependencies) = postProject
		{0624DE93-5211-4953-907B-152A6525E70F} = {0624DE93-5211-4953-907B-152A6525E70F}
	EndProjectSection
EndProject
Project("{8BC9CEB8-8B4A-11D0-8D11-00A0C91BC942}") = "WWShowAudioStatusCpp2017", "..\WWShowAudioStatusCpp2017\WWShowAudioStatusCpp2017.vcxproj", "{0624DE93-5211-4953-907B-152A6525E70F}"
EndProject
Global
	GlobalSection(SolutionConfigurationPlatforms) = preSolution
		Debug|x64 = Debug|x64
		Debug|x86 = Debug|x86
		Release|x64 = Release|x64
		Release|x86 = Release|x86
	EndGlobalSection
	GlobalSection(ProjectConfigurationPlatforms) = postSolution
		{CA0C8371-8FB9-445C-9ECA-A0B157395870}.Debug|x64.ActiveCfg = Debug|x64
		{CA0C8371-8FB9-445C-9ECA-A0B157395870}.Debug|x64.Build.0 = Debug|x64
		{CA0C8371-8FB9-445C-9ECA-A0B157395870}.Debug|x86.ActiveCfg = Debug|Any CPU
		{CA0C8371-8FB9-445C-9ECA-A0B157395870}.Debug|x86.Build.0 = Debug|Any CPU
		{CA0C8371-8FB9-445C-9ECA-A0B157395870}.Release|x64.ActiveCfg = Release|x64
		{CA0C8371-8FB9-445C-9ECA-A0B157395870}.Release|x64.Build.0 = Release|x64
		{CA0C8371-8FB9-445C-9ECA-A0B157395870}.Release|x86.ActiveCfg = Release|Any CPU
		{CA0C8371-8FB9-445C-9ECA-A0B157395870}.Release|x86.Build.0 = Release|Any CPU
		{0624DE93-5211-4953-907B-152A6525E70F}.Debug|x64.ActiveCfg = Debug|x64
		{0624DE93-5211-4953-907B-152A6525E70F}.Debug|x64.Build.0 = Debug|x64
		{0624DE93-5211-4953-907B-152A6525E70F}.Debug|x86.ActiveCfg = Debug|Win32
		{0624DE93-5211-4953-907B-152A6525E70F}.Debug|x86.Build.0 = Debug|Win32
		{0624DE93-5211-4953-907B-152A6525E70F}.Release|x64.ActiveCfg = Release|x64
		{0624DE93-5211-4953-907B-152A6525E70F}.Release|x64.Build.0 = Release|x64
		{0624DE93-5211-4953-907B-152A6525E70F}.Release|x86.ActiveCfg = Release|Win32
		{0624DE93-5211-4953-907B-152A6525E70F}.Release|x86.Build.0 = Release|Win32
	EndGlobalSection
	GlobalSection(SolutionProperties) = preSolution
		HideSolutionNode = FALSE
	EndGlobalSection
	GlobalSection(ExtensibilityGlobals) = postSolution
		SolutionGuid = {DFF57B8D-558F-42D0-83F5-D774382E1277}
	EndGlobalSection
EndGlobal
