
Microsoft Visual Studio Solution File, Format Version 11.00
# Visual Studio 2010
Project("{FAE04EC0-301F-11D3-BF4B-00C04F79EFBC}") = "WWOfflineResampler", "WWOfflineResampler.csproj", "{9223886E-B845-420C-AF5A-E7B6BA6A1619}"
EndProject
Project("{FAE04EC0-301F-11D3-BF4B-00C04F79EFBC}") = "PcmDataLib", "..\PcmData\PcmDataLib.csproj", "{7AF36E7B-839D-4C2F-AAFD-6D8319714D66}"
EndProject
Project("{FAE04EC0-301F-11D3-BF4B-00C04F79EFBC}") = "WWUtil", "..\WWUtil\WWUtil.csproj", "{FC57308E-CF56-4B3E-B920-4093660D0A4A}"
EndProject
Project("{8BC9CEB8-8B4A-11D0-8D11-00A0C91BC942}") = "WWFlacRWvs2010", "..\WWFlacRW\WWFlacRWvs2010.vcxproj", "{C2210BF3-3EAF-42BF-992D-BE6D84A3CC8A}"
EndProject
Project("{FAE04EC0-301F-11D3-BF4B-00C04F79EFBC}") = "WWFlacRWCS", "..\WWFlacRWCS\WWFlacRWCS.csproj", "{DA071B6A-B2E2-4567-84D1-5A9122DAB75C}"
	ProjectSection(ProjectDependencies) = postProject
		{C2210BF3-3EAF-42BF-992D-BE6D84A3CC8A} = {C2210BF3-3EAF-42BF-992D-BE6D84A3CC8A}
	EndProjectSection
EndProject
Project("{FAE04EC0-301F-11D3-BF4B-00C04F79EFBC}") = "WWMath", "..\WWMath\WWMath.csproj", "{80F0BF47-21F6-4E12-BE21-4036F6C6F3A5}"
EndProject
Project("{FAE04EC0-301F-11D3-BF4B-00C04F79EFBC}") = "WWAnalogFilterDesign", "..\WWAnalogFilterDesign\WWAnalogFilterDesign.csproj", "{1E839CF4-3899-48BE-A4B2-047CA45BFBC2}"
EndProject
Project("{FAE04EC0-301F-11D3-BF4B-00C04F79EFBC}") = "WWIIRFilterDesign", "..\WWIIRFilterDesign\WWIIRFilterDesign.csproj", "{5A41EECC-9BB3-478E-B2A5-715CF1C61E8A}"
EndProject
Project("{FAE04EC0-301F-11D3-BF4B-00C04F79EFBC}") = "WWUserControls", "..\WWUserControls\WWUserControls.csproj", "{2721D7F3-8A5A-4059-A619-BB5ED7ACCC0C}"
EndProject
Global
	GlobalSection(SolutionConfigurationPlatforms) = preSolution
		Debug|Any CPU = Debug|Any CPU
		Debug|Win32 = Debug|Win32
		Debug|x64 = Debug|x64
		Debug|x86 = Debug|x86
		Release|Any CPU = Release|Any CPU
		Release|Win32 = Release|Win32
		Release|x64 = Release|x64
		Release|x86 = Release|x86
	EndGlobalSection
	GlobalSection(ProjectConfigurationPlatforms) = postSolution
		{9223886E-B845-420C-AF5A-E7B6BA6A1619}.Debug|Any CPU.ActiveCfg = Debug|x64
		{9223886E-B845-420C-AF5A-E7B6BA6A1619}.Debug|Win32.ActiveCfg = Debug|x64
		{9223886E-B845-420C-AF5A-E7B6BA6A1619}.Debug|x64.ActiveCfg = Debug|x64
		{9223886E-B845-420C-AF5A-E7B6BA6A1619}.Debug|x64.Build.0 = Debug|x64
		{9223886E-B845-420C-AF5A-E7B6BA6A1619}.Debug|x86.ActiveCfg = Debug|x86
		{9223886E-B845-420C-AF5A-E7B6BA6A1619}.Debug|x86.Build.0 = Debug|x86
		{9223886E-B845-420C-AF5A-E7B6BA6A1619}.Release|Any CPU.ActiveCfg = Release|x64
		{9223886E-B845-420C-AF5A-E7B6BA6A1619}.Release|Win32.ActiveCfg = Release|x64
		{9223886E-B845-420C-AF5A-E7B6BA6A1619}.Release|x64.ActiveCfg = Release|x64
		{9223886E-B845-420C-AF5A-E7B6BA6A1619}.Release|x64.Build.0 = Release|x64
		{9223886E-B845-420C-AF5A-E7B6BA6A1619}.Release|x86.ActiveCfg = Release|x86
		{9223886E-B845-420C-AF5A-E7B6BA6A1619}.Release|x86.Build.0 = Release|x86
		{7AF36E7B-839D-4C2F-AAFD-6D8319714D66}.Debug|Any CPU.ActiveCfg = Debug|x86
		{7AF36E7B-839D-4C2F-AAFD-6D8319714D66}.Debug|Win32.ActiveCfg = Debug|x86
		{7AF36E7B-839D-4C2F-AAFD-6D8319714D66}.Debug|x64.ActiveCfg = Debug|x64
		{7AF36E7B-839D-4C2F-AAFD-6D8319714D66}.Debug|x64.Build.0 = Debug|x64
		{7AF36E7B-839D-4C2F-AAFD-6D8319714D66}.Debug|x86.ActiveCfg = Debug|x86
		{7AF36E7B-839D-4C2F-AAFD-6D8319714D66}.Debug|x86.Build.0 = Debug|x86
		{7AF36E7B-839D-4C2F-AAFD-6D8319714D66}.Release|Any CPU.ActiveCfg = Release|x86
		{7AF36E7B-839D-4C2F-AAFD-6D8319714D66}.Release|Win32.ActiveCfg = Release|x86
		{7AF36E7B-839D-4C2F-AAFD-6D8319714D66}.Release|x64.ActiveCfg = Release|x64
		{7AF36E7B-839D-4C2F-AAFD-6D8319714D66}.Release|x64.Build.0 = Release|x64
		{7AF36E7B-839D-4C2F-AAFD-6D8319714D66}.Release|x86.ActiveCfg = Release|x86
		{7AF36E7B-839D-4C2F-AAFD-6D8319714D66}.Release|x86.Build.0 = Release|x86
		{FC57308E-CF56-4B3E-B920-4093660D0A4A}.Debug|Any CPU.ActiveCfg = Debug|Any CPU
		{FC57308E-CF56-4B3E-B920-4093660D0A4A}.Debug|Any CPU.Build.0 = Debug|Any CPU
		{FC57308E-CF56-4B3E-B920-4093660D0A4A}.Debug|Win32.ActiveCfg = Debug|x86
		{FC57308E-CF56-4B3E-B920-4093660D0A4A}.Debug|x64.ActiveCfg = Debug|x64
		{FC57308E-CF56-4B3E-B920-4093660D0A4A}.Debug|x64.Build.0 = Debug|x64
		{FC57308E-CF56-4B3E-B920-4093660D0A4A}.Debug|x86.ActiveCfg = Debug|x86
		{FC57308E-CF56-4B3E-B920-4093660D0A4A}.Debug|x86.Build.0 = Debug|x86
		{FC57308E-CF56-4B3E-B920-4093660D0A4A}.Release|Any CPU.ActiveCfg = Release|Any CPU
		{FC57308E-CF56-4B3E-B920-4093660D0A4A}.Release|Any CPU.Build.0 = Release|Any CPU
		{FC57308E-CF56-4B3E-B920-4093660D0A4A}.Release|Win32.ActiveCfg = Release|x86
		{FC57308E-CF56-4B3E-B920-4093660D0A4A}.Release|x64.ActiveCfg = Release|x64
		{FC57308E-CF56-4B3E-B920-4093660D0A4A}.Release|x64.Build.0 = Release|x64
		{FC57308E-CF56-4B3E-B920-4093660D0A4A}.Release|x86.ActiveCfg = Release|x86
		{FC57308E-CF56-4B3E-B920-4093660D0A4A}.Release|x86.Build.0 = Release|x86
		{C2210BF3-3EAF-42BF-992D-BE6D84A3CC8A}.Debug|Any CPU.ActiveCfg = Debug|x64
		{C2210BF3-3EAF-42BF-992D-BE6D84A3CC8A}.Debug|Win32.ActiveCfg = Debug|Win32
		{C2210BF3-3EAF-42BF-992D-BE6D84A3CC8A}.Debug|Win32.Build.0 = Debug|Win32
		{C2210BF3-3EAF-42BF-992D-BE6D84A3CC8A}.Debug|x64.ActiveCfg = Debug|x64
		{C2210BF3-3EAF-42BF-992D-BE6D84A3CC8A}.Debug|x64.Build.0 = Debug|x64
		{C2210BF3-3EAF-42BF-992D-BE6D84A3CC8A}.Debug|x86.ActiveCfg = Debug|Win32
		{C2210BF3-3EAF-42BF-992D-BE6D84A3CC8A}.Debug|x86.Build.0 = Debug|Win32
		{C2210BF3-3EAF-42BF-992D-BE6D84A3CC8A}.Release|Any CPU.ActiveCfg = Release|x64
		{C2210BF3-3EAF-42BF-992D-BE6D84A3CC8A}.Release|Win32.ActiveCfg = Release|Win32
		{C2210BF3-3EAF-42BF-992D-BE6D84A3CC8A}.Release|Win32.Build.0 = Release|Win32
		{C2210BF3-3EAF-42BF-992D-BE6D84A3CC8A}.Release|x64.ActiveCfg = Release|x64
		{C2210BF3-3EAF-42BF-992D-BE6D84A3CC8A}.Release|x64.Build.0 = Release|x64
		{C2210BF3-3EAF-42BF-992D-BE6D84A3CC8A}.Release|x86.ActiveCfg = Release|Win32
		{C2210BF3-3EAF-42BF-992D-BE6D84A3CC8A}.Release|x86.Build.0 = Release|Win32
		{DA071B6A-B2E2-4567-84D1-5A9122DAB75C}.Debug|Any CPU.ActiveCfg = Debug|Any CPU
		{DA071B6A-B2E2-4567-84D1-5A9122DAB75C}.Debug|Any CPU.Build.0 = Debug|Any CPU
		{DA071B6A-B2E2-4567-84D1-5A9122DAB75C}.Debug|Win32.ActiveCfg = Debug|x86
		{DA071B6A-B2E2-4567-84D1-5A9122DAB75C}.Debug|x64.ActiveCfg = Debug|x64
		{DA071B6A-B2E2-4567-84D1-5A9122DAB75C}.Debug|x64.Build.0 = Debug|x64
		{DA071B6A-B2E2-4567-84D1-5A9122DAB75C}.Debug|x86.ActiveCfg = Debug|x86
		{DA071B6A-B2E2-4567-84D1-5A9122DAB75C}.Debug|x86.Build.0 = Debug|x86
		{DA071B6A-B2E2-4567-84D1-5A9122DAB75C}.Release|Any CPU.ActiveCfg = Release|Any CPU
		{DA071B6A-B2E2-4567-84D1-5A9122DAB75C}.Release|Any CPU.Build.0 = Release|Any CPU
		{DA071B6A-B2E2-4567-84D1-5A9122DAB75C}.Release|Win32.ActiveCfg = Release|x86
		{DA071B6A-B2E2-4567-84D1-5A9122DAB75C}.Release|x64.ActiveCfg = Release|x64
		{DA071B6A-B2E2-4567-84D1-5A9122DAB75C}.Release|x64.Build.0 = Release|x64
		{DA071B6A-B2E2-4567-84D1-5A9122DAB75C}.Release|x86.ActiveCfg = Release|x86
		{DA071B6A-B2E2-4567-84D1-5A9122DAB75C}.Release|x86.Build.0 = Release|x86
		{80F0BF47-21F6-4E12-BE21-4036F6C6F3A5}.Debug|Any CPU.ActiveCfg = Debug|Any CPU
		{80F0BF47-21F6-4E12-BE21-4036F6C6F3A5}.Debug|Any CPU.Build.0 = Debug|Any CPU
		{80F0BF47-21F6-4E12-BE21-4036F6C6F3A5}.Debug|Win32.ActiveCfg = Debug|x86
		{80F0BF47-21F6-4E12-BE21-4036F6C6F3A5}.Debug|x64.ActiveCfg = Debug|x64
		{80F0BF47-21F6-4E12-BE21-4036F6C6F3A5}.Debug|x64.Build.0 = Debug|x64
		{80F0BF47-21F6-4E12-BE21-4036F6C6F3A5}.Debug|x86.ActiveCfg = Debug|x86
		{80F0BF47-21F6-4E12-BE21-4036F6C6F3A5}.Debug|x86.Build.0 = Debug|x86
		{80F0BF47-21F6-4E12-BE21-4036F6C6F3A5}.Release|Any CPU.ActiveCfg = Release|Any CPU
		{80F0BF47-21F6-4E12-BE21-4036F6C6F3A5}.Release|Any CPU.Build.0 = Release|Any CPU
		{80F0BF47-21F6-4E12-BE21-4036F6C6F3A5}.Release|Win32.ActiveCfg = Release|x86
		{80F0BF47-21F6-4E12-BE21-4036F6C6F3A5}.Release|x64.ActiveCfg = Release|x64
		{80F0BF47-21F6-4E12-BE21-4036F6C6F3A5}.Release|x64.Build.0 = Release|x64
		{80F0BF47-21F6-4E12-BE21-4036F6C6F3A5}.Release|x86.ActiveCfg = Release|x86
		{80F0BF47-21F6-4E12-BE21-4036F6C6F3A5}.Release|x86.Build.0 = Release|x86
		{1E839CF4-3899-48BE-A4B2-047CA45BFBC2}.Debug|Any CPU.ActiveCfg = Debug|Any CPU
		{1E839CF4-3899-48BE-A4B2-047CA45BFBC2}.Debug|Any CPU.Build.0 = Debug|Any CPU
		{1E839CF4-3899-48BE-A4B2-047CA45BFBC2}.Debug|Win32.ActiveCfg = Debug|x86
		{1E839CF4-3899-48BE-A4B2-047CA45BFBC2}.Debug|x64.ActiveCfg = Debug|x64
		{1E839CF4-3899-48BE-A4B2-047CA45BFBC2}.Debug|x64.Build.0 = Debug|x64
		{1E839CF4-3899-48BE-A4B2-047CA45BFBC2}.Debug|x86.ActiveCfg = Debug|x86
		{1E839CF4-3899-48BE-A4B2-047CA45BFBC2}.Debug|x86.Build.0 = Debug|x86
		{1E839CF4-3899-48BE-A4B2-047CA45BFBC2}.Release|Any CPU.ActiveCfg = Release|Any CPU
		{1E839CF4-3899-48BE-A4B2-047CA45BFBC2}.Release|Any CPU.Build.0 = Release|Any CPU
		{1E839CF4-3899-48BE-A4B2-047CA45BFBC2}.Release|Win32.ActiveCfg = Release|x86
		{1E839CF4-3899-48BE-A4B2-047CA45BFBC2}.Release|x64.ActiveCfg = Release|x64
		{1E839CF4-3899-48BE-A4B2-047CA45BFBC2}.Release|x64.Build.0 = Release|x64
		{1E839CF4-3899-48BE-A4B2-047CA45BFBC2}.Release|x86.ActiveCfg = Release|x86
		{1E839CF4-3899-48BE-A4B2-047CA45BFBC2}.Release|x86.Build.0 = Release|x86
		{5A41EECC-9BB3-478E-B2A5-715CF1C61E8A}.Debug|Any CPU.ActiveCfg = Debug|Any CPU
		{5A41EECC-9BB3-478E-B2A5-715CF1C61E8A}.Debug|Any CPU.Build.0 = Debug|Any CPU
		{5A41EECC-9BB3-478E-B2A5-715CF1C61E8A}.Debug|Win32.ActiveCfg = Debug|x86
		{5A41EECC-9BB3-478E-B2A5-715CF1C61E8A}.Debug|x64.ActiveCfg = Debug|x64
		{5A41EECC-9BB3-478E-B2A5-715CF1C61E8A}.Debug|x64.Build.0 = Debug|x64
		{5A41EECC-9BB3-478E-B2A5-715CF1C61E8A}.Debug|x86.ActiveCfg = Debug|x86
		{5A41EECC-9BB3-478E-B2A5-715CF1C61E8A}.Debug|x86.Build.0 = Debug|x86
		{5A41EECC-9BB3-478E-B2A5-715CF1C61E8A}.Release|Any CPU.ActiveCfg = Release|Any CPU
		{5A41EECC-9BB3-478E-B2A5-715CF1C61E8A}.Release|Any CPU.Build.0 = Release|Any CPU
		{5A41EECC-9BB3-478E-B2A5-715CF1C61E8A}.Release|Win32.ActiveCfg = Release|x86
		{5A41EECC-9BB3-478E-B2A5-715CF1C61E8A}.Release|x64.ActiveCfg = Release|x64
		{5A41EECC-9BB3-478E-B2A5-715CF1C61E8A}.Release|x64.Build.0 = Release|x64
		{5A41EECC-9BB3-478E-B2A5-715CF1C61E8A}.Release|x86.ActiveCfg = Release|x86
		{5A41EECC-9BB3-478E-B2A5-715CF1C61E8A}.Release|x86.Build.0 = Release|x86
		{2721D7F3-8A5A-4059-A619-BB5ED7ACCC0C}.Debug|Any CPU.ActiveCfg = Debug|Any CPU
		{2721D7F3-8A5A-4059-A619-BB5ED7ACCC0C}.Debug|Any CPU.Build.0 = Debug|Any CPU
		{2721D7F3-8A5A-4059-A619-BB5ED7ACCC0C}.Debug|Win32.ActiveCfg = Debug|x86
		{2721D7F3-8A5A-4059-A619-BB5ED7ACCC0C}.Debug|x64.ActiveCfg = Debug|x64
		{2721D7F3-8A5A-4059-A619-BB5ED7ACCC0C}.Debug|x64.Build.0 = Debug|x64
		{2721D7F3-8A5A-4059-A619-BB5ED7ACCC0C}.Debug|x86.ActiveCfg = Debug|x86
		{2721D7F3-8A5A-4059-A619-BB5ED7ACCC0C}.Debug|x86.Build.0 = Debug|x86
		{2721D7F3-8A5A-4059-A619-BB5ED7ACCC0C}.Release|Any CPU.ActiveCfg = Release|Any CPU
		{2721D7F3-8A5A-4059-A619-BB5ED7ACCC0C}.Release|Any CPU.Build.0 = Release|Any CPU
		{2721D7F3-8A5A-4059-A619-BB5ED7ACCC0C}.Release|Win32.ActiveCfg = Release|x86
		{2721D7F3-8A5A-4059-A619-BB5ED7ACCC0C}.Release|x64.ActiveCfg = Release|x64
		{2721D7F3-8A5A-4059-A619-BB5ED7ACCC0C}.Release|x64.Build.0 = Release|x64
		{2721D7F3-8A5A-4059-A619-BB5ED7ACCC0C}.Release|x86.ActiveCfg = Release|x86
		{2721D7F3-8A5A-4059-A619-BB5ED7ACCC0C}.Release|x86.Build.0 = Release|x86
	EndGlobalSection
	GlobalSection(SolutionProperties) = preSolution
		HideSolutionNode = FALSE
	EndGlobalSection
EndGlobal
