
Microsoft Visual Studio Solution File, Format Version 11.00
# Visual Studio 2010
Project("{FAE04EC0-301F-11D3-BF4B-00C04F79EFBC}") = "WWOfflineResampler", "WWOfflineResampler.csproj", "{9223886E-B845-420C-AF5A-E7B6BA6A1619}"
EndProject
Project("{FAE04EC0-301F-11D3-BF4B-00C04F79EFBC}") = "PcmDataLib", "..\PcmData\PcmDataLib.csproj", "{7AF36E7B-839D-4C2F-AAFD-6D8319714D66}"
EndProject
Project("{FAE04EC0-301F-11D3-BF4B-00C04F79EFBC}") = "WWUtil", "..\WWUtil\WWUtil.csproj", "{FC57308E-CF56-4B3E-B920-4093660D0A4A}"
EndProject
Project("{8BC9CEB8-8B4A-11D0-8D11-00A0C91BC942}") = "WWFlacRWvs2010", "..\WWFlacRW\WWFlacRWvs2010.vcxproj", "{C2210BF3-3EAF-42BF-992D-BE6D84A3CC8A}"
EndProject
Project("{FAE04EC0-301F-11D3-BF4B-00C04F79EFBC}") = "WWFlacRWCS", "..\WWFlacRWCS\WWFlacRWCS.csproj", "{DA071B6A-B2E2-4567-84D1-5A9122DAB75C}"
	ProjectSection(ProjectDependencies) = postProject
		{C2210BF3-3EAF-42BF-992D-BE6D84A3CC8A} = {C2210BF3-3EAF-42BF-992D-BE6D84A3CC8A}
	EndProjectSection
EndProject
Project("{FAE04EC0-301F-11D3-BF4B-00C04F79EFBC}") = "WWMath", "..\WWMath\WWMath.csproj", "{80F0BF47-21F6-4E12-BE21-4036F6C6F3A5}"
EndProject
Project("{FAE04EC0-301F-11D3-BF4B-00C04F79EFBC}") = "WWAnalogFilterDesign", "..\WWAnalogFilterDesign\WWAnalogFilterDesign.csproj", "{1E839CF4-3899-48BE-A4B2-047CA45BFBC2}"
EndProject
Project("{FAE04EC0-301F-11D3-BF4B-00C04F79EFBC}") = "WWIIRFilterDesign", "..\WWIIRFilterDesign\WWIIRFilterDesign.csproj", "{5A41EECC-9BB3-478E-B2A5-715CF1C61E8A}"
EndProject
Project("{FAE04EC0-301F-11D3-BF4B-00C04F79EFBC}") = "WWUserControls", "..\WWUserControls\WWUserControls.csproj", "{2721D7F3-8A5A-4059-A619-BB5ED7ACCC0C}"
EndProject
Project("{FAE04EC0-301F-11D3-BF4B-00C04F79EFBC}") = "WavRWLib2", "..\WavRWLib2\WavRWLib2.csproj", "{77005090-E2C5-4063-9681-0D0EED33A2B2}"
EndProject
Project("{FAE04EC0-301F-11D3-BF4B-00C04F79EFBC}") = "WWDsfRW", "..\WWDsfRW\WWDsfRW.csproj", "{385ADACB-85D6-430A-9691-3A75C639C2AA}"
EndProject
Project("{8BC9CEB8-8B4A-11D0-8D11-00A0C91BC942}") = "WWFilterCppvs2010", "..\WWFilterCpp\WWFilterCpp.vcxproj", "{1CB7137C-49A4-4BF6-B5F3-B9271C8885CB}"
EndProject
Project("{FAE04EC0-301F-11D3-BF4B-00C04F79EFBC}") = "WWFilterCppCs", "..\WWFilterCppCs\WWFilterCppCs.csproj", "{1D2FED4A-D40F-4A8F-A963-4C733B8EDD04}"
	ProjectSection(ProjectDependencies) = postProject
		{1CB7137C-49A4-4BF6-B5F3-B9271C8885CB} = {1CB7137C-49A4-4BF6-B5F3-B9271C8885CB}
	EndProjectSection
EndProject
Global
	GlobalSection(SolutionConfigurationPlatforms) = preSolution
		Debug|x64 = Debug|x64
		Debug|x86 (not supported) = Debug|x86 (not supported)
		Release|x64 = Release|x64
		Release|x86 (not supported) = Release|x86 (not supported)
	EndGlobalSection
	GlobalSection(ProjectConfigurationPlatforms) = postSolution
		{9223886E-B845-420C-AF5A-E7B6BA6A1619}.Debug|x64.ActiveCfg = Debug|x64
		{9223886E-B845-420C-AF5A-E7B6BA6A1619}.Debug|x64.Build.0 = Debug|x64
		{9223886E-B845-420C-AF5A-E7B6BA6A1619}.Debug|x86 (not supported).ActiveCfg = Debug|x86
		{9223886E-B845-420C-AF5A-E7B6BA6A1619}.Debug|x86 (not supported).Build.0 = Debug|x86
		{9223886E-B845-420C-AF5A-E7B6BA6A1619}.Release|x64.ActiveCfg = Release|x64
		{9223886E-B845-420C-AF5A-E7B6BA6A1619}.Release|x64.Build.0 = Release|x64
		{9223886E-B845-420C-AF5A-E7B6BA6A1619}.Release|x86 (not supported).ActiveCfg = Release|x86
		{9223886E-B845-420C-AF5A-E7B6BA6A1619}.Release|x86 (not supported).Build.0 = Release|x86
		{7AF36E7B-839D-4C2F-AAFD-6D8319714D66}.Debug|x64.ActiveCfg = Debug|x64
		{7AF36E7B-839D-4C2F-AAFD-6D8319714D66}.Debug|x64.Build.0 = Debug|x64
		{7AF36E7B-839D-4C2F-AAFD-6D8319714D66}.Debug|x86 (not supported).ActiveCfg = Debug|x86
		{7AF36E7B-839D-4C2F-AAFD-6D8319714D66}.Debug|x86 (not supported).Build.0 = Debug|x86
		{7AF36E7B-839D-4C2F-AAFD-6D8319714D66}.Release|x64.ActiveCfg = Release|x64
		{7AF36E7B-839D-4C2F-AAFD-6D8319714D66}.Release|x64.Build.0 = Release|x64
		{7AF36E7B-839D-4C2F-AAFD-6D8319714D66}.Release|x86 (not supported).ActiveCfg = Release|x86
		{7AF36E7B-839D-4C2F-AAFD-6D8319714D66}.Release|x86 (not supported).Build.0 = Release|x86
		{FC57308E-CF56-4B3E-B920-4093660D0A4A}.Debug|x64.ActiveCfg = Debug|x64
		{FC57308E-CF56-4B3E-B920-4093660D0A4A}.Debug|x64.Build.0 = Debug|x64
		{FC57308E-CF56-4B3E-B920-4093660D0A4A}.Debug|x86 (not supported).ActiveCfg = Debug|x86
		{FC57308E-CF56-4B3E-B920-4093660D0A4A}.Debug|x86 (not supported).Build.0 = Debug|x86
		{FC57308E-CF56-4B3E-B920-4093660D0A4A}.Release|x64.ActiveCfg = Release|x64
		{FC57308E-CF56-4B3E-B920-4093660D0A4A}.Release|x64.Build.0 = Release|x64
		{FC57308E-CF56-4B3E-B920-4093660D0A4A}.Release|x86 (not supported).ActiveCfg = Release|x86
		{FC57308E-CF56-4B3E-B920-4093660D0A4A}.Release|x86 (not supported).Build.0 = Release|x86
		{C2210BF3-3EAF-42BF-992D-BE6D84A3CC8A}.Debug|x64.ActiveCfg = Debug|x64
		{C2210BF3-3EAF-42BF-992D-BE6D84A3CC8A}.Debug|x64.Build.0 = Debug|x64
		{C2210BF3-3EAF-42BF-992D-BE6D84A3CC8A}.Debug|x86 (not supported).ActiveCfg = Debug|Win32
		{C2210BF3-3EAF-42BF-992D-BE6D84A3CC8A}.Debug|x86 (not supported).Build.0 = Debug|Win32
		{C2210BF3-3EAF-42BF-992D-BE6D84A3CC8A}.Release|x64.ActiveCfg = Release|x64
		{C2210BF3-3EAF-42BF-992D-BE6D84A3CC8A}.Release|x64.Build.0 = Release|x64
		{C2210BF3-3EAF-42BF-992D-BE6D84A3CC8A}.Release|x86 (not supported).ActiveCfg = Release|Win32
		{C2210BF3-3EAF-42BF-992D-BE6D84A3CC8A}.Release|x86 (not supported).Build.0 = Release|Win32
		{DA071B6A-B2E2-4567-84D1-5A9122DAB75C}.Debug|x64.ActiveCfg = Debug|x64
		{DA071B6A-B2E2-4567-84D1-5A9122DAB75C}.Debug|x64.Build.0 = Debug|x64
		{DA071B6A-B2E2-4567-84D1-5A9122DAB75C}.Debug|x86 (not supported).ActiveCfg = Debug|x86
		{DA071B6A-B2E2-4567-84D1-5A9122DAB75C}.Debug|x86 (not supported).Build.0 = Debug|x86
		{DA071B6A-B2E2-4567-84D1-5A9122DAB75C}.Release|x64.ActiveCfg = Release|x64
		{DA071B6A-B2E2-4567-84D1-5A9122DAB75C}.Release|x64.Build.0 = Release|x64
		{DA071B6A-B2E2-4567-84D1-5A9122DAB75C}.Release|x86 (not supported).ActiveCfg = Release|x86
		{DA071B6A-B2E2-4567-84D1-5A9122DAB75C}.Release|x86 (not supported).Build.0 = Release|x86
		{80F0BF47-21F6-4E12-BE21-4036F6C6F3A5}.Debug|x64.ActiveCfg = Debug|x64
		{80F0BF47-21F6-4E12-BE21-4036F6C6F3A5}.Debug|x64.Build.0 = Debug|x64
		{80F0BF47-21F6-4E12-BE21-4036F6C6F3A5}.Debug|x86 (not supported).ActiveCfg = Debug|x86
		{80F0BF47-21F6-4E12-BE21-4036F6C6F3A5}.Debug|x86 (not supported).Build.0 = Debug|x86
		{80F0BF47-21F6-4E12-BE21-4036F6C6F3A5}.Release|x64.ActiveCfg = Release|x64
		{80F0BF47-21F6-4E12-BE21-4036F6C6F3A5}.Release|x64.Build.0 = Release|x64
		{80F0BF47-21F6-4E12-BE21-4036F6C6F3A5}.Release|x86 (not supported).ActiveCfg = Release|x86
		{80F0BF47-21F6-4E12-BE21-4036F6C6F3A5}.Release|x86 (not supported).Build.0 = Release|x86
		{1E839CF4-3899-48BE-A4B2-047CA45BFBC2}.Debug|x64.ActiveCfg = Debug|x64
		{1E839CF4-3899-48BE-A4B2-047CA45BFBC2}.Debug|x64.Build.0 = Debug|x64
		{1E839CF4-3899-48BE-A4B2-047CA45BFBC2}.Debug|x86 (not supported).ActiveCfg = Debug|x86
		{1E839CF4-3899-48BE-A4B2-047CA45BFBC2}.Debug|x86 (not supported).Build.0 = Debug|x86
		{1E839CF4-3899-48BE-A4B2-047CA45BFBC2}.Release|x64.ActiveCfg = Release|x64
		{1E839CF4-3899-48BE-A4B2-047CA45BFBC2}.Release|x64.Build.0 = Release|x64
		{1E839CF4-3899-48BE-A4B2-047CA45BFBC2}.Release|x86 (not supported).ActiveCfg = Release|x86
		{1E839CF4-3899-48BE-A4B2-047CA45BFBC2}.Release|x86 (not supported).Build.0 = Release|x86
		{5A41EECC-9BB3-478E-B2A5-715CF1C61E8A}.Debug|x64.ActiveCfg = Debug|x64
		{5A41EECC-9BB3-478E-B2A5-715CF1C61E8A}.Debug|x64.Build.0 = Debug|x64
		{5A41EECC-9BB3-478E-B2A5-715CF1C61E8A}.Debug|x86 (not supported).ActiveCfg = Debug|x86
		{5A41EECC-9BB3-478E-B2A5-715CF1C61E8A}.Debug|x86 (not supported).Build.0 = Debug|x86
		{5A41EECC-9BB3-478E-B2A5-715CF1C61E8A}.Release|x64.ActiveCfg = Release|x64
		{5A41EECC-9BB3-478E-B2A5-715CF1C61E8A}.Release|x64.Build.0 = Release|x64
		{5A41EECC-9BB3-478E-B2A5-715CF1C61E8A}.Release|x86 (not supported).ActiveCfg = Release|x86
		{5A41EECC-9BB3-478E-B2A5-715CF1C61E8A}.Release|x86 (not supported).Build.0 = Release|x86
		{2721D7F3-8A5A-4059-A619-BB5ED7ACCC0C}.Debug|x64.ActiveCfg = Debug|x64
		{2721D7F3-8A5A-4059-A619-BB5ED7ACCC0C}.Debug|x64.Build.0 = Debug|x64
		{2721D7F3-8A5A-4059-A619-BB5ED7ACCC0C}.Debug|x86 (not supported).ActiveCfg = Debug|x86
		{2721D7F3-8A5A-4059-A619-BB5ED7ACCC0C}.Debug|x86 (not supported).Build.0 = Debug|x86
		{2721D7F3-8A5A-4059-A619-BB5ED7ACCC0C}.Release|x64.ActiveCfg = Release|x64
		{2721D7F3-8A5A-4059-A619-BB5ED7ACCC0C}.Release|x64.Build.0 = Release|x64
		{2721D7F3-8A5A-4059-A619-BB5ED7ACCC0C}.Release|x86 (not supported).ActiveCfg = Release|x86
		{2721D7F3-8A5A-4059-A619-BB5ED7ACCC0C}.Release|x86 (not supported).Build.0 = Release|x86
		{77005090-E2C5-4063-9681-0D0EED33A2B2}.Debug|x64.ActiveCfg = Debug|x64
		{77005090-E2C5-4063-9681-0D0EED33A2B2}.Debug|x64.Build.0 = Debug|x64
		{77005090-E2C5-4063-9681-0D0EED33A2B2}.Debug|x86 (not supported).ActiveCfg = Debug|x86
		{77005090-E2C5-4063-9681-0D0EED33A2B2}.Debug|x86 (not supported).Build.0 = Debug|x86
		{77005090-E2C5-4063-9681-0D0EED33A2B2}.Release|x64.ActiveCfg = Release|x64
		{77005090-E2C5-4063-9681-0D0EED33A2B2}.Release|x64.Build.0 = Release|x64
		{77005090-E2C5-4063-9681-0D0EED33A2B2}.Release|x86 (not supported).ActiveCfg = Release|x86
		{77005090-E2C5-4063-9681-0D0EED33A2B2}.Release|x86 (not supported).Build.0 = Release|x86
		{385ADACB-85D6-430A-9691-3A75C639C2AA}.Debug|x64.ActiveCfg = Debug|x64
		{385ADACB-85D6-430A-9691-3A75C639C2AA}.Debug|x64.Build.0 = Debug|x64
		{385ADACB-85D6-430A-9691-3A75C639C2AA}.Debug|x86 (not supported).ActiveCfg = Debug|x86
		{385ADACB-85D6-430A-9691-3A75C639C2AA}.Debug|x86 (not supported).Build.0 = Debug|x86
		{385ADACB-85D6-430A-9691-3A75C639C2AA}.Release|x64.ActiveCfg = Release|x64
		{385ADACB-85D6-430A-9691-3A75C639C2AA}.Release|x64.Build.0 = Release|x64
		{385ADACB-85D6-430A-9691-3A75C639C2AA}.Release|x86 (not supported).ActiveCfg = Release|x86
		{385ADACB-85D6-430A-9691-3A75C639C2AA}.Release|x86 (not supported).Build.0 = Release|x86
		{1CB7137C-49A4-4BF6-B5F3-B9271C8885CB}.Debug|x64.ActiveCfg = Debug|x64
		{1CB7137C-49A4-4BF6-B5F3-B9271C8885CB}.Debug|x64.Build.0 = Debug|x64
		{1CB7137C-49A4-4BF6-B5F3-B9271C8885CB}.Debug|x86 (not supported).ActiveCfg = Debug|Win32
		{1CB7137C-49A4-4BF6-B5F3-B9271C8885CB}.Debug|x86 (not supported).Build.0 = Debug|Win32
		{1CB7137C-49A4-4BF6-B5F3-B9271C8885CB}.Release|x64.ActiveCfg = Release|x64
		{1CB7137C-49A4-4BF6-B5F3-B9271C8885CB}.Release|x64.Build.0 = Release|x64
		{1CB7137C-49A4-4BF6-B5F3-B9271C8885CB}.Release|x86 (not supported).ActiveCfg = Release|Win32
		{1CB7137C-49A4-4BF6-B5F3-B9271C8885CB}.Release|x86 (not supported).Build.0 = Release|Win32
		{1D2FED4A-D40F-4A8F-A963-4C733B8EDD04}.Debug|x64.ActiveCfg = Debug|x64
		{1D2FED4A-D40F-4A8F-A963-4C733B8EDD04}.Debug|x64.Build.0 = Debug|x64
		{1D2FED4A-D40F-4A8F-A963-4C733B8EDD04}.Debug|x86 (not supported).ActiveCfg = Debug|x86
		{1D2FED4A-D40F-4A8F-A963-4C733B8EDD04}.Debug|x86 (not supported).Build.0 = Debug|x86
		{1D2FED4A-D40F-4A8F-A963-4C733B8EDD04}.Release|x64.ActiveCfg = Release|x64
		{1D2FED4A-D40F-4A8F-A963-4C733B8EDD04}.Release|x64.Build.0 = Release|x64
		{1D2FED4A-D40F-4A8F-A963-4C733B8EDD04}.Release|x86 (not supported).ActiveCfg = Release|x86
		{1D2FED4A-D40F-4A8F-A963-4C733B8EDD04}.Release|x86 (not supported).Build.0 = Release|x86
	EndGlobalSection
	GlobalSection(SolutionProperties) = preSolution
		HideSolutionNode = FALSE
	EndGlobalSection
EndGlobal
