
Microsoft Visual Studio Solution File, Format Version 11.00
# Visual Studio 2010
Project("{FAE04EC0-301F-11D3-BF4B-00C04F79EFBC}") = "FlacDecodeCS", "FlacDecodeCS.csproj", "{2148EF2A-38E0-4E85-8459-386F55DB7015}"
	ProjectSection(ProjectDependencies) = postProject
		{231F7442-C003-4CE4-A2A4-254CF8879FE1} = {231F7442-C003-4CE4-A2A4-254CF8879FE1}
	EndProjectSection
EndProject
Project("{8BC9CEB8-8B4A-11D0-8D11-00A0C91BC942}") = "FlacDecodeDLL", "..\FlacDecodeDLL\FlacDecodeDLL.vcxproj", "{231F7442-C003-4CE4-A2A4-254CF8879FE1}"
EndProject
Project("{8BC9CEB8-8B4A-11D0-8D11-00A0C91BC942}") = "FlacDecodeTest", "..\FlacDecodeTest\FlacDecodeTest.vcxproj", "{132E4CE3-0171-4E79-A0A4-43A6D7DB44EA}"
	ProjectSection(ProjectDependencies) = postProject
		{231F7442-C003-4CE4-A2A4-254CF8879FE1} = {231F7442-C003-4CE4-A2A4-254CF8879FE1}
	EndProjectSection
EndProject
Project("{FAE04EC0-301F-11D3-BF4B-00C04F79EFBC}") = "FlacDecodeCSTest", "..\FlacDecodeCSTest\FlacDecodeCSTest.csproj", "{79B6732B-66E5-44E0-BBEF-568B3AFDCED0}"
	ProjectSection(ProjectDependencies) = postProject
		{2148EF2A-38E0-4E85-8459-386F55DB7015} = {2148EF2A-38E0-4E85-8459-386F55DB7015}
	EndProjectSection
EndProject
Global
	GlobalSection(SolutionConfigurationPlatforms) = preSolution
		Debug|Mixed Platforms = Debug|Mixed Platforms
		Debug|Win32 = Debug|Win32
		Debug|x86 = Debug|x86
		Release|Mixed Platforms = Release|Mixed Platforms
		Release|Win32 = Release|Win32
		Release|x86 = Release|x86
	EndGlobalSection
	GlobalSection(ProjectConfigurationPlatforms) = postSolution
		{2148EF2A-38E0-4E85-8459-386F55DB7015}.Debug|Mixed Platforms.ActiveCfg = Debug|x86
		{2148EF2A-38E0-4E85-8459-386F55DB7015}.Debug|Mixed Platforms.Build.0 = Debug|x86
		{2148EF2A-38E0-4E85-8459-386F55DB7015}.Debug|Win32.ActiveCfg = Debug|x86
		{2148EF2A-38E0-4E85-8459-386F55DB7015}.Debug|x86.ActiveCfg = Debug|x86
		{2148EF2A-38E0-4E85-8459-386F55DB7015}.Debug|x86.Build.0 = Debug|x86
		{2148EF2A-38E0-4E85-8459-386F55DB7015}.Release|Mixed Platforms.ActiveCfg = Release|x86
		{2148EF2A-38E0-4E85-8459-386F55DB7015}.Release|Mixed Platforms.Build.0 = Release|x86
		{2148EF2A-38E0-4E85-8459-386F55DB7015}.Release|Win32.ActiveCfg = Release|x86
		{2148EF2A-38E0-4E85-8459-386F55DB7015}.Release|x86.ActiveCfg = Release|x86
		{2148EF2A-38E0-4E85-8459-386F55DB7015}.Release|x86.Build.0 = Release|x86
		{231F7442-C003-4CE4-A2A4-254CF8879FE1}.Debug|Mixed Platforms.ActiveCfg = Debug|Win32
		{231F7442-C003-4CE4-A2A4-254CF8879FE1}.Debug|Mixed Platforms.Build.0 = Debug|Win32
		{231F7442-C003-4CE4-A2A4-254CF8879FE1}.Debug|Win32.ActiveCfg = Debug|Win32
		{231F7442-C003-4CE4-A2A4-254CF8879FE1}.Debug|Win32.Build.0 = Debug|Win32
		{231F7442-C003-4CE4-A2A4-254CF8879FE1}.Debug|x86.ActiveCfg = Debug|Win32
		{231F7442-C003-4CE4-A2A4-254CF8879FE1}.Release|Mixed Platforms.ActiveCfg = Release|Win32
		{231F7442-C003-4CE4-A2A4-254CF8879FE1}.Release|Mixed Platforms.Build.0 = Release|Win32
		{231F7442-C003-4CE4-A2A4-254CF8879FE1}.Release|Win32.ActiveCfg = Release|Win32
		{231F7442-C003-4CE4-A2A4-254CF8879FE1}.Release|Win32.Build.0 = Release|Win32
		{231F7442-C003-4CE4-A2A4-254CF8879FE1}.Release|x86.ActiveCfg = Release|Win32
		{132E4CE3-0171-4E79-A0A4-43A6D7DB44EA}.Debug|Mixed Platforms.ActiveCfg = Debug|Win32
		{132E4CE3-0171-4E79-A0A4-43A6D7DB44EA}.Debug|Mixed Platforms.Build.0 = Debug|Win32
		{132E4CE3-0171-4E79-A0A4-43A6D7DB44EA}.Debug|Win32.ActiveCfg = Debug|Win32
		{132E4CE3-0171-4E79-A0A4-43A6D7DB44EA}.Debug|Win32.Build.0 = Debug|Win32
		{132E4CE3-0171-4E79-A0A4-43A6D7DB44EA}.Debug|x86.ActiveCfg = Debug|Win32
		{132E4CE3-0171-4E79-A0A4-43A6D7DB44EA}.Release|Mixed Platforms.ActiveCfg = Release|Win32
		{132E4CE3-0171-4E79-A0A4-43A6D7DB44EA}.Release|Mixed Platforms.Build.0 = Release|Win32
		{132E4CE3-0171-4E79-A0A4-43A6D7DB44EA}.Release|Win32.ActiveCfg = Release|Win32
		{132E4CE3-0171-4E79-A0A4-43A6D7DB44EA}.Release|Win32.Build.0 = Release|Win32
		{132E4CE3-0171-4E79-A0A4-43A6D7DB44EA}.Release|x86.ActiveCfg = Release|Win32
		{79B6732B-66E5-44E0-BBEF-568B3AFDCED0}.Debug|Mixed Platforms.ActiveCfg = Debug|x86
		{79B6732B-66E5-44E0-BBEF-568B3AFDCED0}.Debug|Mixed Platforms.Build.0 = Debug|x86
		{79B6732B-66E5-44E0-BBEF-568B3AFDCED0}.Debug|Win32.ActiveCfg = Debug|x86
		{79B6732B-66E5-44E0-BBEF-568B3AFDCED0}.Debug|x86.ActiveCfg = Debug|x86
		{79B6732B-66E5-44E0-BBEF-568B3AFDCED0}.Debug|x86.Build.0 = Debug|x86
		{79B6732B-66E5-44E0-BBEF-568B3AFDCED0}.Release|Mixed Platforms.ActiveCfg = Release|x86
		{79B6732B-66E5-44E0-BBEF-568B3AFDCED0}.Release|Mixed Platforms.Build.0 = Release|x86
		{79B6732B-66E5-44E0-BBEF-568B3AFDCED0}.Release|Win32.ActiveCfg = Release|x86
		{79B6732B-66E5-44E0-BBEF-568B3AFDCED0}.Release|x86.ActiveCfg = Release|x86
		{79B6732B-66E5-44E0-BBEF-568B3AFDCED0}.Release|x86.Build.0 = Release|x86
	EndGlobalSection
	GlobalSection(SolutionProperties) = preSolution
		HideSolutionNode = FALSE
	EndGlobalSection
EndGlobal
