
Microsoft Visual Studio Solution File, Format Version 11.00
# Visual Studio 2010
Project("{FAE04EC0-301F-11D3-BF4B-00C04F79EFBC}") = "PlayPcmWin", "PlayPcmWin.csproj", "{23DC272C-B67B-41C5-9622-A35BFA3B9D1E}"
	ProjectSection(ProjectDependencies) = postProject
		{1CB7137C-49A4-4BF6-B5F3-B9271C8885CB} = {1CB7137C-49A4-4BF6-B5F3-B9271C8885CB}
		{0D9C1283-4DA5-4C3F-8A4E-AD8194381DE4} = {0D9C1283-4DA5-4C3F-8A4E-AD8194381DE4}
	EndProjectSection
EndProject
Project("{8BC9CEB8-8B4A-11D0-8D11-00A0C91BC942}") = "WasapiIODLL", "..\WasapiIODLL\WasapiIODLL.vcxproj", "{136171C7-C541-424C-AEC3-FF42CE4DB567}"
EndProject
Project("{FAE04EC0-301F-11D3-BF4B-00C04F79EFBC}") = "WasapiCS", "..\WasapiCS\WasapiCS.csproj", "{0D9C1283-4DA5-4C3F-8A4E-AD8194381DE4}"
	ProjectSection(ProjectDependencies) = postProject
		{136171C7-C541-424C-AEC3-FF42CE4DB567} = {136171C7-C541-424C-AEC3-FF42CE4DB567}
	EndProjectSection
EndProject
Project("{FAE04EC0-301F-11D3-BF4B-00C04F79EFBC}") = "WavRWLib2", "..\WavRWLib2\WavRWLib2.csproj", "{77005090-E2C5-4063-9681-0D0EED33A2B2}"
	ProjectSection(ProjectDependencies) = postProject
		{7AF36E7B-839D-4C2F-AAFD-6D8319714D66} = {7AF36E7B-839D-4C2F-AAFD-6D8319714D66}
	EndProjectSection
EndProject
Project("{FAE04EC0-301F-11D3-BF4B-00C04F79EFBC}") = "PcmDataLib", "..\PcmData\PcmDataLib.csproj", "{7AF36E7B-839D-4C2F-AAFD-6D8319714D66}"
EndProject
Project("{FAE04EC0-301F-11D3-BF4B-00C04F79EFBC}") = "WasapiPcmUtil", "..\WasapiPcmUtil\WasapiPcmUtil.csproj", "{C51CEE2E-D264-4A27-8E9E-C2F127A37AEE}"
	ProjectSection(ProjectDependencies) = postProject
		{7AF36E7B-839D-4C2F-AAFD-6D8319714D66} = {7AF36E7B-839D-4C2F-AAFD-6D8319714D66}
		{0D9C1283-4DA5-4C3F-8A4E-AD8194381DE4} = {0D9C1283-4DA5-4C3F-8A4E-AD8194381DE4}
	EndProjectSection
EndProject
Project("{FAE04EC0-301F-11D3-BF4B-00C04F79EFBC}") = "WWXmlRW", "..\WWXmlRW\WWXmlRW.csproj", "{AB557C03-95F9-4D3A-B2CB-16EC26D884CD}"
EndProject
Project("{FAE04EC0-301F-11D3-BF4B-00C04F79EFBC}") = "WWUtil", "..\WWUtil\WWUtil.csproj", "{FC57308E-CF56-4B3E-B920-4093660D0A4A}"
EndProject
Project("{8BC9CEB8-8B4A-11D0-8D11-00A0C91BC942}") = "WWFlacRWvs2010", "..\WWFlacRW\WWFlacRWvs2010.vcxproj", "{C2210BF3-3EAF-42BF-992D-BE6D84A3CC8A}"
EndProject
Project("{FAE04EC0-301F-11D3-BF4B-00C04F79EFBC}") = "WWFlacRWCS", "..\WWFlacRWCS\WWFlacRWCS.csproj", "{DA071B6A-B2E2-4567-84D1-5A9122DAB75C}"
	ProjectSection(ProjectDependencies) = postProject
		{C2210BF3-3EAF-42BF-992D-BE6D84A3CC8A} = {C2210BF3-3EAF-42BF-992D-BE6D84A3CC8A}
	EndProjectSection
EndProject
Project("{FAE04EC0-301F-11D3-BF4B-00C04F79EFBC}") = "WWFilterCppCs", "..\WWFilterCppCs\WWFilterCppCs.csproj", "{1D2FED4A-D40F-4A8F-A963-4C733B8EDD04}"
EndProject
Project("{8BC9CEB8-8B4A-11D0-8D11-00A0C91BC942}") = "WWFilterCppvs2010", "..\WWFilterCpp\WWFilterCpp.vcxproj", "{1CB7137C-49A4-4BF6-B5F3-B9271C8885CB}"
EndProject
Project("{8BC9CEB8-8B4A-11D0-8D11-00A0C91BC942}") = "WWDSPCppVs2010", "..\WWDSPCpp\WWDSPCppVs2010.vcxproj", "{A7D636E0-5D03-424B-BE66-1B7EF35168D9}"
EndProject
Project("{8BC9CEB8-8B4A-11D0-8D11-00A0C91BC942}") = "WWMFReader", "..\WWMFReader\WWMFReader.vcxproj", "{68E54037-EE0D-450F-9735-7EECE22E4885}"
EndProject
Project("{FAE04EC0-301F-11D3-BF4B-00C04F79EFBC}") = "WWMFReaderCs", "..\WWMFReaderCs\WWMFReaderCs.csproj", "{43047D33-5FDB-45D0-AEF0-4FA81060F2E1}"
	ProjectSection(ProjectDependencies) = postProject
		{68E54037-EE0D-450F-9735-7EECE22E4885} = {68E54037-EE0D-450F-9735-7EECE22E4885}
	EndProjectSection
EndProject
Project("{8BC9CEB8-8B4A-11D0-8D11-00A0C91BC942}") = "WWCommonCpp", "..\WWCommonCpp\WWCommonCpp.vcxproj", "{CB5A7579-C19C-4625-9EAB-81F795507ACF}"
EndProject
Project("{8BC9CEB8-8B4A-11D0-8D11-00A0C91BC942}") = "WWMFCommonCpp", "..\WWMFCommonCpp\WWMFCommonCpp.vcxproj", "{BBD7E639-B6C0-4DEC-886C-95A9E9796AF9}"
EndProject
Global
	GlobalSection(SolutionConfigurationPlatforms) = preSolution
		Debug|x64 = Debug|x64
		Debug|x86 = Debug|x86
		Release|x64 = Release|x64
		Release|x86 = Release|x86
	EndGlobalSection
	GlobalSection(ProjectConfigurationPlatforms) = postSolution
		{23DC272C-B67B-41C5-9622-A35BFA3B9D1E}.Debug|x64.ActiveCfg = Debug|x64
		{23DC272C-B67B-41C5-9622-A35BFA3B9D1E}.Debug|x64.Build.0 = Debug|x64
		{23DC272C-B67B-41C5-9622-A35BFA3B9D1E}.Debug|x86.ActiveCfg = Debug|x86
		{23DC272C-B67B-41C5-9622-A35BFA3B9D1E}.Debug|x86.Build.0 = Debug|x86
		{23DC272C-B67B-41C5-9622-A35BFA3B9D1E}.Release|x64.ActiveCfg = Release|x64
		{23DC272C-B67B-41C5-9622-A35BFA3B9D1E}.Release|x64.Build.0 = Release|x64
		{23DC272C-B67B-41C5-9622-A35BFA3B9D1E}.Release|x86.ActiveCfg = Release|x86
		{23DC272C-B67B-41C5-9622-A35BFA3B9D1E}.Release|x86.Build.0 = Release|x86
		{136171C7-C541-424C-AEC3-FF42CE4DB567}.Debug|x64.ActiveCfg = Debug|x64
		{136171C7-C541-424C-AEC3-FF42CE4DB567}.Debug|x64.Build.0 = Debug|x64
		{136171C7-C541-424C-AEC3-FF42CE4DB567}.Debug|x86.ActiveCfg = Debug|Win32
		{136171C7-C541-424C-AEC3-FF42CE4DB567}.Debug|x86.Build.0 = Debug|Win32
		{136171C7-C541-424C-AEC3-FF42CE4DB567}.Release|x64.ActiveCfg = Release|x64
		{136171C7-C541-424C-AEC3-FF42CE4DB567}.Release|x64.Build.0 = Release|x64
		{136171C7-C541-424C-AEC3-FF42CE4DB567}.Release|x86.ActiveCfg = Release|Win32
		{136171C7-C541-424C-AEC3-FF42CE4DB567}.Release|x86.Build.0 = Release|Win32
		{0D9C1283-4DA5-4C3F-8A4E-AD8194381DE4}.Debug|x64.ActiveCfg = Debug|x64
		{0D9C1283-4DA5-4C3F-8A4E-AD8194381DE4}.Debug|x64.Build.0 = Debug|x64
		{0D9C1283-4DA5-4C3F-8A4E-AD8194381DE4}.Debug|x86.ActiveCfg = Debug|x86
		{0D9C1283-4DA5-4C3F-8A4E-AD8194381DE4}.Debug|x86.Build.0 = Debug|x86
		{0D9C1283-4DA5-4C3F-8A4E-AD8194381DE4}.Release|x64.ActiveCfg = Release|x64
		{0D9C1283-4DA5-4C3F-8A4E-AD8194381DE4}.Release|x64.Build.0 = Release|x64
		{0D9C1283-4DA5-4C3F-8A4E-AD8194381DE4}.Release|x86.ActiveCfg = Release|x86
		{0D9C1283-4DA5-4C3F-8A4E-AD8194381DE4}.Release|x86.Build.0 = Release|x86
		{77005090-E2C5-4063-9681-0D0EED33A2B2}.Debug|x64.ActiveCfg = Debug|x64
		{77005090-E2C5-4063-9681-0D0EED33A2B2}.Debug|x64.Build.0 = Debug|x64
		{77005090-E2C5-4063-9681-0D0EED33A2B2}.Debug|x86.ActiveCfg = Debug|x86
		{77005090-E2C5-4063-9681-0D0EED33A2B2}.Debug|x86.Build.0 = Debug|x86
		{77005090-E2C5-4063-9681-0D0EED33A2B2}.Release|x64.ActiveCfg = Release|x64
		{77005090-E2C5-4063-9681-0D0EED33A2B2}.Release|x64.Build.0 = Release|x64
		{77005090-E2C5-4063-9681-0D0EED33A2B2}.Release|x86.ActiveCfg = Release|x86
		{77005090-E2C5-4063-9681-0D0EED33A2B2}.Release|x86.Build.0 = Release|x86
		{7AF36E7B-839D-4C2F-AAFD-6D8319714D66}.Debug|x64.ActiveCfg = Debug|x64
		{7AF36E7B-839D-4C2F-AAFD-6D8319714D66}.Debug|x64.Build.0 = Debug|x64
		{7AF36E7B-839D-4C2F-AAFD-6D8319714D66}.Debug|x86.ActiveCfg = Debug|x86
		{7AF36E7B-839D-4C2F-AAFD-6D8319714D66}.Debug|x86.Build.0 = Debug|x86
		{7AF36E7B-839D-4C2F-AAFD-6D8319714D66}.Release|x64.ActiveCfg = Release|x64
		{7AF36E7B-839D-4C2F-AAFD-6D8319714D66}.Release|x64.Build.0 = Release|x64
		{7AF36E7B-839D-4C2F-AAFD-6D8319714D66}.Release|x86.ActiveCfg = Release|x86
		{7AF36E7B-839D-4C2F-AAFD-6D8319714D66}.Release|x86.Build.0 = Release|x86
		{C51CEE2E-D264-4A27-8E9E-C2F127A37AEE}.Debug|x64.ActiveCfg = Debug|x64
		{C51CEE2E-D264-4A27-8E9E-C2F127A37AEE}.Debug|x64.Build.0 = Debug|x64
		{C51CEE2E-D264-4A27-8E9E-C2F127A37AEE}.Debug|x86.ActiveCfg = Debug|x86
		{C51CEE2E-D264-4A27-8E9E-C2F127A37AEE}.Debug|x86.Build.0 = Debug|x86
		{C51CEE2E-D264-4A27-8E9E-C2F127A37AEE}.Release|x64.ActiveCfg = Release|x64
		{C51CEE2E-D264-4A27-8E9E-C2F127A37AEE}.Release|x64.Build.0 = Release|x64
		{C51CEE2E-D264-4A27-8E9E-C2F127A37AEE}.Release|x86.ActiveCfg = Release|x86
		{C51CEE2E-D264-4A27-8E9E-C2F127A37AEE}.Release|x86.Build.0 = Release|x86
		{AB557C03-95F9-4D3A-B2CB-16EC26D884CD}.Debug|x64.ActiveCfg = Debug|x64
		{AB557C03-95F9-4D3A-B2CB-16EC26D884CD}.Debug|x64.Build.0 = Debug|x64
		{AB557C03-95F9-4D3A-B2CB-16EC26D884CD}.Debug|x86.ActiveCfg = Debug|x86
		{AB557C03-95F9-4D3A-B2CB-16EC26D884CD}.Debug|x86.Build.0 = Debug|x86
		{AB557C03-95F9-4D3A-B2CB-16EC26D884CD}.Release|x64.ActiveCfg = Release|x64
		{AB557C03-95F9-4D3A-B2CB-16EC26D884CD}.Release|x64.Build.0 = Release|x64
		{AB557C03-95F9-4D3A-B2CB-16EC26D884CD}.Release|x86.ActiveCfg = Release|x86
		{AB557C03-95F9-4D3A-B2CB-16EC26D884CD}.Release|x86.Build.0 = Release|x86
		{FC57308E-CF56-4B3E-B920-4093660D0A4A}.Debug|x64.ActiveCfg = Debug|x64
		{FC57308E-CF56-4B3E-B920-4093660D0A4A}.Debug|x64.Build.0 = Debug|x64
		{FC57308E-CF56-4B3E-B920-4093660D0A4A}.Debug|x86.ActiveCfg = Debug|x86
		{FC57308E-CF56-4B3E-B920-4093660D0A4A}.Debug|x86.Build.0 = Debug|x86
		{FC57308E-CF56-4B3E-B920-4093660D0A4A}.Release|x64.ActiveCfg = Release|x64
		{FC57308E-CF56-4B3E-B920-4093660D0A4A}.Release|x64.Build.0 = Release|x64
		{FC57308E-CF56-4B3E-B920-4093660D0A4A}.Release|x86.ActiveCfg = Release|x86
		{FC57308E-CF56-4B3E-B920-4093660D0A4A}.Release|x86.Build.0 = Release|x86
		{C2210BF3-3EAF-42BF-992D-BE6D84A3CC8A}.Debug|x64.ActiveCfg = Debug|x64
		{C2210BF3-3EAF-42BF-992D-BE6D84A3CC8A}.Debug|x64.Build.0 = Debug|x64
		{C2210BF3-3EAF-42BF-992D-BE6D84A3CC8A}.Debug|x86.ActiveCfg = Debug|Win32
		{C2210BF3-3EAF-42BF-992D-BE6D84A3CC8A}.Debug|x86.Build.0 = Debug|Win32
		{C2210BF3-3EAF-42BF-992D-BE6D84A3CC8A}.Release|x64.ActiveCfg = Release|x64
		{C2210BF3-3EAF-42BF-992D-BE6D84A3CC8A}.Release|x64.Build.0 = Release|x64
		{C2210BF3-3EAF-42BF-992D-BE6D84A3CC8A}.Release|x86.ActiveCfg = Release|Win32
		{C2210BF3-3EAF-42BF-992D-BE6D84A3CC8A}.Release|x86.Build.0 = Release|Win32
		{DA071B6A-B2E2-4567-84D1-5A9122DAB75C}.Debug|x64.ActiveCfg = Debug|x64
		{DA071B6A-B2E2-4567-84D1-5A9122DAB75C}.Debug|x64.Build.0 = Debug|x64
		{DA071B6A-B2E2-4567-84D1-5A9122DAB75C}.Debug|x86.ActiveCfg = Debug|x86
		{DA071B6A-B2E2-4567-84D1-5A9122DAB75C}.Debug|x86.Build.0 = Debug|x86
		{DA071B6A-B2E2-4567-84D1-5A9122DAB75C}.Release|x64.ActiveCfg = Release|x64
		{DA071B6A-B2E2-4567-84D1-5A9122DAB75C}.Release|x64.Build.0 = Release|x64
		{DA071B6A-B2E2-4567-84D1-5A9122DAB75C}.Release|x86.ActiveCfg = Release|x86
		{DA071B6A-B2E2-4567-84D1-5A9122DAB75C}.Release|x86.Build.0 = Release|x86
		{1D2FED4A-D40F-4A8F-A963-4C733B8EDD04}.Debug|x64.ActiveCfg = Debug|x64
		{1D2FED4A-D40F-4A8F-A963-4C733B8EDD04}.Debug|x64.Build.0 = Debug|x64
		{1D2FED4A-D40F-4A8F-A963-4C733B8EDD04}.Debug|x86.ActiveCfg = Debug|x86
		{1D2FED4A-D40F-4A8F-A963-4C733B8EDD04}.Debug|x86.Build.0 = Debug|x86
		{1D2FED4A-D40F-4A8F-A963-4C733B8EDD04}.Release|x64.ActiveCfg = Release|x64
		{1D2FED4A-D40F-4A8F-A963-4C733B8EDD04}.Release|x64.Build.0 = Release|x64
		{1D2FED4A-D40F-4A8F-A963-4C733B8EDD04}.Release|x86.ActiveCfg = Release|x64
		{1D2FED4A-D40F-4A8F-A963-4C733B8EDD04}.Release|x86.Build.0 = Release|x64
		{1CB7137C-49A4-4BF6-B5F3-B9271C8885CB}.Debug|x64.ActiveCfg = Debug|x64
		{1CB7137C-49A4-4BF6-B5F3-B9271C8885CB}.Debug|x64.Build.0 = Debug|x64
		{1CB7137C-49A4-4BF6-B5F3-B9271C8885CB}.Debug|x86.ActiveCfg = Debug|Win32
		{1CB7137C-49A4-4BF6-B5F3-B9271C8885CB}.Debug|x86.Build.0 = Debug|Win32
		{1CB7137C-49A4-4BF6-B5F3-B9271C8885CB}.Release|x64.ActiveCfg = Release|x64
		{1CB7137C-49A4-4BF6-B5F3-B9271C8885CB}.Release|x64.Build.0 = Release|x64
		{1CB7137C-49A4-4BF6-B5F3-B9271C8885CB}.Release|x86.ActiveCfg = Release|Win32
		{1CB7137C-49A4-4BF6-B5F3-B9271C8885CB}.Release|x86.Build.0 = Release|Win32
		{A7D636E0-5D03-424B-BE66-1B7EF35168D9}.Debug|x64.ActiveCfg = Debug|x64
		{A7D636E0-5D03-424B-BE66-1B7EF35168D9}.Debug|x64.Build.0 = Debug|x64
		{A7D636E0-5D03-424B-BE66-1B7EF35168D9}.Debug|x86.ActiveCfg = Debug|Win32
		{A7D636E0-5D03-424B-BE66-1B7EF35168D9}.Debug|x86.Build.0 = Debug|Win32
		{A7D636E0-5D03-424B-BE66-1B7EF35168D9}.Release|x64.ActiveCfg = Release|x64
		{A7D636E0-5D03-424B-BE66-1B7EF35168D9}.Release|x64.Build.0 = Release|x64
		{A7D636E0-5D03-424B-BE66-1B7EF35168D9}.Release|x86.ActiveCfg = Release|Win32
		{A7D636E0-5D03-424B-BE66-1B7EF35168D9}.Release|x86.Build.0 = Release|Win32
		{68E54037-EE0D-450F-9735-7EECE22E4885}.Debug|x64.ActiveCfg = Debug|x64
		{68E54037-EE0D-450F-9735-7EECE22E4885}.Debug|x64.Build.0 = Debug|x64
		{68E54037-EE0D-450F-9735-7EECE22E4885}.Debug|x86.ActiveCfg = Debug|Win32
		{68E54037-EE0D-450F-9735-7EECE22E4885}.Debug|x86.Build.0 = Debug|Win32
		{68E54037-EE0D-450F-9735-7EECE22E4885}.Release|x64.ActiveCfg = Release|x64
		{68E54037-EE0D-450F-9735-7EECE22E4885}.Release|x64.Build.0 = Release|x64
		{68E54037-EE0D-450F-9735-7EECE22E4885}.Release|x86.ActiveCfg = Release|Win32
		{68E54037-EE0D-450F-9735-7EECE22E4885}.Release|x86.Build.0 = Release|Win32
		{43047D33-5FDB-45D0-AEF0-4FA81060F2E1}.Debug|x64.ActiveCfg = Debug|x64
		{43047D33-5FDB-45D0-AEF0-4FA81060F2E1}.Debug|x64.Build.0 = Debug|x64
		{43047D33-5FDB-45D0-AEF0-4FA81060F2E1}.Debug|x86.ActiveCfg = Debug|x86
		{43047D33-5FDB-45D0-AEF0-4FA81060F2E1}.Debug|x86.Build.0 = Debug|x86
		{43047D33-5FDB-45D0-AEF0-4FA81060F2E1}.Release|x64.ActiveCfg = Release|x64
		{43047D33-5FDB-45D0-AEF0-4FA81060F2E1}.Release|x64.Build.0 = Release|x64
		{43047D33-5FDB-45D0-AEF0-4FA81060F2E1}.Release|x86.ActiveCfg = Release|x86
		{43047D33-5FDB-45D0-AEF0-4FA81060F2E1}.Release|x86.Build.0 = Release|x86
		{CB5A7579-C19C-4625-9EAB-81F795507ACF}.Debug|x64.ActiveCfg = Debug|x64
		{CB5A7579-C19C-4625-9EAB-81F795507ACF}.Debug|x64.Build.0 = Debug|x64
		{CB5A7579-C19C-4625-9EAB-81F795507ACF}.Debug|x86.ActiveCfg = Debug|Win32
		{CB5A7579-C19C-4625-9EAB-81F795507ACF}.Debug|x86.Build.0 = Debug|Win32
		{CB5A7579-C19C-4625-9EAB-81F795507ACF}.Release|x64.ActiveCfg = Release|x64
		{CB5A7579-C19C-4625-9EAB-81F795507ACF}.Release|x64.Build.0 = Release|x64
		{CB5A7579-C19C-4625-9EAB-81F795507ACF}.Release|x86.ActiveCfg = Release|Win32
		{CB5A7579-C19C-4625-9EAB-81F795507ACF}.Release|x86.Build.0 = Release|Win32
		{BBD7E639-B6C0-4DEC-886C-95A9E9796AF9}.Debug|x64.ActiveCfg = Debug|x64
		{BBD7E639-B6C0-4DEC-886C-95A9E9796AF9}.Debug|x64.Build.0 = Debug|x64
		{BBD7E639-B6C0-4DEC-886C-95A9E9796AF9}.Debug|x86.ActiveCfg = Debug|Win32
		{BBD7E639-B6C0-4DEC-886C-95A9E9796AF9}.Debug|x86.Build.0 = Debug|Win32
		{BBD7E639-B6C0-4DEC-886C-95A9E9796AF9}.Release|x64.ActiveCfg = Release|x64
		{BBD7E639-B6C0-4DEC-886C-95A9E9796AF9}.Release|x64.Build.0 = Release|x64
		{BBD7E639-B6C0-4DEC-886C-95A9E9796AF9}.Release|x86.ActiveCfg = Release|Win32
		{BBD7E639-B6C0-4DEC-886C-95A9E9796AF9}.Release|x86.Build.0 = Release|Win32
	EndGlobalSection
	GlobalSection(SolutionProperties) = preSolution
		HideSolutionNode = FALSE
	EndGlobalSection
EndGlobal
