
Microsoft Visual Studio Solution File, Format Version 12.00
# Visual Studio 15
VisualStudioVersion = 15.0.28307.168
MinimumVisualStudioVersion = 10.0.40219.1
Project("{8BC9CEB8-8B4A-11D0-8D11-00A0C91BC942}") = "WWSpatialAudioTest", "WWSpatialAudioTest.vcxproj", "{FEE0DAD6-8636-4FC9-A5C6-37DCE8E75547}"
EndProject
Global
	GlobalSection(SolutionConfigurationPlatforms) = preSolution
		Debug|x64 = Debug|x64
		Release|x64 = Release|x64
	EndGlobalSection
	GlobalSection(ProjectConfigurationPlatforms) = postSolution
		{FEE0DAD6-8636-4FC9-A5C6-37DCE8E75547}.Debug|x64.ActiveCfg = Debug|x64
		{FEE0DAD6-8636-4FC9-A5C6-37DCE8E75547}.Debug|x64.Build.0 = Debug|x64
		{FEE0DAD6-8636-4FC9-A5C6-37DCE8E75547}.Release|x64.ActiveCfg = Release|x64
		{FEE0DAD6-8636-4FC9-A5C6-37DCE8E75547}.Release|x64.Build.0 = Release|x64
	EndGlobalSection
	GlobalSection(SolutionProperties) = preSolution
		HideSolutionNode = FALSE
	EndGlobalSection
	GlobalSection(ExtensibilityGlobals) = postSolution
		SolutionGuid = {4ED31758-B0E7-4ECC-B50E-5801C4749ECE}
	EndGlobalSection
EndGlobal
