
Microsoft Visual Studio Solution File, Format Version 11.00
# Visual Studio 2010
Project("{FAE04EC0-301F-11D3-BF4B-00C04F79EFBC}") = "WWKeyClassifier2", "WWKeyClassifier2.csproj", "{800A7FF4-265F-4628-BB10-8D5D2AE37088}"
EndProject
Project("{FAE04EC0-301F-11D3-BF4B-00C04F79EFBC}") = "WWUtil", "..\WWUtil\WWUtil.csproj", "{FC57308E-CF56-4B3E-B920-4093660D0A4A}"
EndProject
Project("{FAE04EC0-301F-11D3-BF4B-00C04F79EFBC}") = "WWMath", "..\WWMath\WWMath.csproj", "{80F0BF47-21F6-4E12-BE21-4036F6C6F3A5}"
EndProject
Project("{8BC9CEB8-8B4A-11D0-8D11-00A0C91BC942}") = "WWMFReader", "..\WWMFReader\WWMFReader.vcxproj", "{68E54037-EE0D-450F-9735-7EECE22E4885}"
	ProjectSection(ProjectDependencies) = postProject
		{BBD7E639-B6C0-4DEC-886C-95A9E9796AF9} = {BBD7E639-B6C0-4DEC-886C-95A9E9796AF9}
		{CB5A7579-C19C-4625-9EAB-81F795507ACF} = {CB5A7579-C19C-4625-9EAB-81F795507ACF}
	EndProjectSection
EndProject
Project("{FAE04EC0-301F-11D3-BF4B-00C04F79EFBC}") = "WWMFReaderCs", "..\WWMFReaderCs\WWMFReaderCs.csproj", "{43047D33-5FDB-45D0-AEF0-4FA81060F2E1}"
EndProject
Project("{8BC9CEB8-8B4A-11D0-8D11-00A0C91BC942}") = "WWCommonCpp", "..\WWCommonCpp\WWCommonCpp.vcxproj", "{CB5A7579-C19C-4625-9EAB-81F795507ACF}"
EndProject
Project("{8BC9CEB8-8B4A-11D0-8D11-00A0C91BC942}") = "WWMFCommonCpp", "..\WWMFCommonCpp\WWMFCommonCpp.vcxproj", "{BBD7E639-B6C0-4DEC-886C-95A9E9796AF9}"
EndProject
Global
	GlobalSection(SolutionConfigurationPlatforms) = preSolution
		Debug|x64 = Debug|x64
		Debug|x86 = Debug|x86
		Release|x64 = Release|x64
		Release|x86 = Release|x86
	EndGlobalSection
	GlobalSection(ProjectConfigurationPlatforms) = postSolution
		{800A7FF4-265F-4628-BB10-8D5D2AE37088}.Debug|x64.ActiveCfg = Debug|x64
		{800A7FF4-265F-4628-BB10-8D5D2AE37088}.Debug|x64.Build.0 = Debug|x64
		{800A7FF4-265F-4628-BB10-8D5D2AE37088}.Debug|x86.ActiveCfg = Debug|x86
		{800A7FF4-265F-4628-BB10-8D5D2AE37088}.Debug|x86.Build.0 = Debug|x86
		{800A7FF4-265F-4628-BB10-8D5D2AE37088}.Release|x64.ActiveCfg = Release|x64
		{800A7FF4-265F-4628-BB10-8D5D2AE37088}.Release|x64.Build.0 = Release|x64
		{800A7FF4-265F-4628-BB10-8D5D2AE37088}.Release|x86.ActiveCfg = Release|x86
		{800A7FF4-265F-4628-BB10-8D5D2AE37088}.Release|x86.Build.0 = Release|x86
		{FC57308E-CF56-4B3E-B920-4093660D0A4A}.Debug|x64.ActiveCfg = Debug|x64
		{FC57308E-CF56-4B3E-B920-4093660D0A4A}.Debug|x64.Build.0 = Debug|x64
		{FC57308E-CF56-4B3E-B920-4093660D0A4A}.Debug|x86.ActiveCfg = Debug|x86
		{FC57308E-CF56-4B3E-B920-4093660D0A4A}.Debug|x86.Build.0 = Debug|x86
		{FC57308E-CF56-4B3E-B920-4093660D0A4A}.Release|x64.ActiveCfg = Release|x64
		{FC57308E-CF56-4B3E-B920-4093660D0A4A}.Release|x64.Build.0 = Release|x64
		{FC57308E-CF56-4B3E-B920-4093660D0A4A}.Release|x86.ActiveCfg = Release|x86
		{FC57308E-CF56-4B3E-B920-4093660D0A4A}.Release|x86.Build.0 = Release|x86
		{80F0BF47-21F6-4E12-BE21-4036F6C6F3A5}.Debug|x64.ActiveCfg = Debug|x64
		{80F0BF47-21F6-4E12-BE21-4036F6C6F3A5}.Debug|x64.Build.0 = Debug|x64
		{80F0BF47-21F6-4E12-BE21-4036F6C6F3A5}.Debug|x86.ActiveCfg = Debug|x86
		{80F0BF47-21F6-4E12-BE21-4036F6C6F3A5}.Debug|x86.Build.0 = Debug|x86
		{80F0BF47-21F6-4E12-BE21-4036F6C6F3A5}.Release|x64.ActiveCfg = Release|x64
		{80F0BF47-21F6-4E12-BE21-4036F6C6F3A5}.Release|x64.Build.0 = Release|x64
		{80F0BF47-21F6-4E12-BE21-4036F6C6F3A5}.Release|x86.ActiveCfg = Release|x86
		{80F0BF47-21F6-4E12-BE21-4036F6C6F3A5}.Release|x86.Build.0 = Release|x86
		{68E54037-EE0D-450F-9735-7EECE22E4885}.Debug|x64.ActiveCfg = Debug|x64
		{68E54037-EE0D-450F-9735-7EECE22E4885}.Debug|x64.Build.0 = Debug|x64
		{68E54037-EE0D-450F-9735-7EECE22E4885}.Debug|x86.ActiveCfg = Debug|Win32
		{68E54037-EE0D-450F-9735-7EECE22E4885}.Debug|x86.Build.0 = Debug|Win32
		{68E54037-EE0D-450F-9735-7EECE22E4885}.Release|x64.ActiveCfg = Release|x64
		{68E54037-EE0D-450F-9735-7EECE22E4885}.Release|x64.Build.0 = Release|x64
		{68E54037-EE0D-450F-9735-7EECE22E4885}.Release|x86.ActiveCfg = Release|Win32
		{68E54037-EE0D-450F-9735-7EECE22E4885}.Release|x86.Build.0 = Release|Win32
		{43047D33-5FDB-45D0-AEF0-4FA81060F2E1}.Debug|x64.ActiveCfg = Debug|x64
		{43047D33-5FDB-45D0-AEF0-4FA81060F2E1}.Debug|x64.Build.0 = Debug|x64
		{43047D33-5FDB-45D0-AEF0-4FA81060F2E1}.Debug|x86.ActiveCfg = Debug|x86
		{43047D33-5FDB-45D0-AEF0-4FA81060F2E1}.Debug|x86.Build.0 = Debug|x86
		{43047D33-5FDB-45D0-AEF0-4FA81060F2E1}.Release|x64.ActiveCfg = Release|x64
		{43047D33-5FDB-45D0-AEF0-4FA81060F2E1}.Release|x64.Build.0 = Release|x64
		{43047D33-5FDB-45D0-AEF0-4FA81060F2E1}.Release|x86.ActiveCfg = Release|x86
		{43047D33-5FDB-45D0-AEF0-4FA81060F2E1}.Release|x86.Build.0 = Release|x86
		{CB5A7579-C19C-4625-9EAB-81F795507ACF}.Debug|x64.ActiveCfg = Debug|x64
		{CB5A7579-C19C-4625-9EAB-81F795507ACF}.Debug|x64.Build.0 = Debug|x64
		{CB5A7579-C19C-4625-9EAB-81F795507ACF}.Debug|x86.ActiveCfg = Debug|Win32
		{CB5A7579-C19C-4625-9EAB-81F795507ACF}.Debug|x86.Build.0 = Debug|Win32
		{CB5A7579-C19C-4625-9EAB-81F795507ACF}.Release|x64.ActiveCfg = Release|x64
		{CB5A7579-C19C-4625-9EAB-81F795507ACF}.Release|x64.Build.0 = Release|x64
		{CB5A7579-C19C-4625-9EAB-81F795507ACF}.Release|x86.ActiveCfg = Release|Win32
		{CB5A7579-C19C-4625-9EAB-81F795507ACF}.Release|x86.Build.0 = Release|Win32
		{BBD7E639-B6C0-4DEC-886C-95A9E9796AF9}.Debug|x64.ActiveCfg = Debug|x64
		{BBD7E639-B6C0-4DEC-886C-95A9E9796AF9}.Debug|x64.Build.0 = Debug|x64
		{BBD7E639-B6C0-4DEC-886C-95A9E9796AF9}.Debug|x86.ActiveCfg = Debug|Win32
		{BBD7E639-B6C0-4DEC-886C-95A9E9796AF9}.Debug|x86.Build.0 = Debug|Win32
		{BBD7E639-B6C0-4DEC-886C-95A9E9796AF9}.Release|x64.ActiveCfg = Release|x64
		{BBD7E639-B6C0-4DEC-886C-95A9E9796AF9}.Release|x64.Build.0 = Release|x64
		{BBD7E639-B6C0-4DEC-886C-95A9E9796AF9}.Release|x86.ActiveCfg = Release|Win32
		{BBD7E639-B6C0-4DEC-886C-95A9E9796AF9}.Release|x86.Build.0 = Release|Win32
	EndGlobalSection
	GlobalSection(SolutionProperties) = preSolution
		HideSolutionNode = FALSE
	EndGlobalSection
EndGlobal
