<?xml version="1.0" encoding="utf-8"?>
<Project ToolsVersion="4.0" xmlns="http://schemas.microsoft.com/developer/msbuild/2003">
  <ItemGroup>
    <ClInclude Include="stdafx.h" />
    <ClInclude Include="targetver.h" />
    <ClInclude Include="WWFilterCpp.h" />
    <ClInclude Include="WWLoopFilterCRFB.h" />
    <ClInclude Include="WWDelay.h" />
    <ClInclude Include="WWZohCompensation.h" />
    <ClInclude Include="WWIIRFilterBlock.h" />
    <ClInclude Include="WWIIRFilterSerial.h" />
    <ClInclude Include="WWIIRFilterParallel.h" />
    <ClInclude Include="WWIIRFilterGraph.h" />
    <ClInclude Include="WWHalfbandFilterDownsampler.h" />
    <ClInclude Include="WWWindowFunc.h" />
    <ClInclude Include="WWCicDownsampler.h" />
    <ClInclude Include="WWSdmToPcm.h" />
    <ClInclude Include="WWPcmToSdm.h" />
    <ClInclude Include="WWCicUpsampler.h" />
    <ClInclude Include="WWHalfbandFilterUpsampler.h" />
  </ItemGroup>
  <ItemGroup>
    <ClCompile Include="WWFilterCpp.cpp" />
    <ClCompile Include="dllmain.cpp" />
    <ClCompile Include="stdafx.cpp" />
    <ClCompile Include="WWLoopFilterCRFB.cpp" />
    <ClCompile Include="WWZohCompensation.cpp" />
    <ClCompile Include="WWIIRFilterBlock.cpp" />
    <ClCompile Include="WWIIRFilterGraph.cpp" />
    <ClCompile Include="WWHalfbandFilterDownsampler.cpp" />
    <ClCompile Include="WWWindowFunc.cpp" />
    <ClCompile Include="WWCicDownsampler.cpp" />
    <ClCompile Include="WWSdmToPcm.cpp" />
    <ClCompile Include="WWPcmToSdm.cpp" />
    <ClCompile Include="WWCicUpsampler.cpp" />
    <ClCompile Include="WWHalfbandFilterUpsampler.cpp" />
  </ItemGroup>
</Project>