<?xml version="1.0" encoding="utf-8"?>
<Project ToolsVersion="4.0" xmlns="http://schemas.microsoft.com/developer/msbuild/2003">
  <ItemGroup>
    <ClInclude Include="targetver.h" />
    <ClInclude Include="WWFilterCpp.h" />
    <ClInclude Include="WWZohCompensation.h" />
    <ClInclude Include="WWIIRFilterBlock.h" />
    <ClInclude Include="WWIIRFilterSerial.h" />
    <ClInclude Include="WWIIRFilterParallel.h" />
    <ClInclude Include="WWIIRFilterGraph.h" />
  </ItemGroup>
  <ItemGroup>
    <ClCompile Include="WWFilterCpp.cpp" />
    <ClCompile Include="dllmain.cpp" />
    <ClCompile Include="WWZohCompensation.cpp" />
    <ClCompile Include="WWIIRFilterBlock.cpp" />
    <ClCompile Include="WWIIRFilterGraph.cpp" />
  </ItemGroup>
</Project>