
Microsoft Visual Studio Solution File, Format Version 12.00
# Visual Studio 2010
Project("{FAE04EC0-301F-11D3-BF4B-00C04F79EFBC}") = "WWFlacRWCS", "..\WWFlacRWCS\WWFlacRWCS.csproj", "{DA071B6A-B2E2-4567-84D1-5A9122DAB75C}"
	ProjectSection(ProjectDependencies) = postProject
		{C2210BF3-3EAF-42BF-992D-BE6D84A3CC8A} = {C2210BF3-3EAF-42BF-992D-BE6D84A3CC8A}
	EndProjectSection
EndProject
Project("{8BC9CEB8-8B4A-11D0-8D11-00A0C91BC942}") = "WWFlacRWvs2010", "..\WWFlacRW\WWFlacRWvs2010.vcxproj", "{C2210BF3-3EAF-42BF-992D-BE6D84A3CC8A}"
EndProject
Project("{FAE04EC0-301F-11D3-BF4B-00C04F79EFBC}") = "WWAudioFiltervs2010", "WWAudioFiltervs2010.csproj", "{03E90420-3E92-4F6D-82FC-1FCB242CF6E4}"
	ProjectSection(ProjectDependencies) = postProject
		{77005090-E2C5-4063-9681-0D0EED33A2B2} = {77005090-E2C5-4063-9681-0D0EED33A2B2}
	EndProjectSection
EndProject
Project("{FAE04EC0-301F-11D3-BF4B-00C04F79EFBC}") = "WavRWLib2", "..\WavRWLib2\WavRWLib2.csproj", "{77005090-E2C5-4063-9681-0D0EED33A2B2}"
	ProjectSection(ProjectDependencies) = postProject
		{7AF36E7B-839D-4C2F-AAFD-6D8319714D66} = {7AF36E7B-839D-4C2F-AAFD-6D8319714D66}
	EndProjectSection
EndProject
Project("{FAE04EC0-301F-11D3-BF4B-00C04F79EFBC}") = "PcmDataLib", "..\PcmData\PcmDataLib.csproj", "{7AF36E7B-839D-4C2F-AAFD-6D8319714D66}"
EndProject
Project("{FAE04EC0-301F-11D3-BF4B-00C04F79EFBC}") = "WWUtil", "..\WWUtil\WWUtil.csproj", "{FC57308E-CF56-4B3E-B920-4093660D0A4A}"
EndProject
Project("{FAE04EC0-301F-11D3-BF4B-00C04F79EFBC}") = "WWDsfRW", "..\WWDsfRW\WWDsfRW.csproj", "{385ADACB-85D6-430A-9691-3A75C639C2AA}"
EndProject
Project("{FAE04EC0-301F-11D3-BF4B-00C04F79EFBC}") = "WWMath", "..\WWMath\WWMath.csproj", "{80F0BF47-21F6-4E12-BE21-4036F6C6F3A5}"
EndProject
Project("{FAE04EC0-301F-11D3-BF4B-00C04F79EFBC}") = "WWAudioFilterCore", "..\WWAudioFilterCore\WWAudioFilterCore.csproj", "{6F084186-D7CD-426F-BA48-0728F1EDF9FC}"
EndProject
Project("{FAE04EC0-301F-11D3-BF4B-00C04F79EFBC}") = "WWIIRFilterDesign", "..\WWIIRFilterDesign\WWIIRFilterDesign.csproj", "{5A41EECC-9BB3-478E-B2A5-715CF1C61E8A}"
EndProject
Project("{FAE04EC0-301F-11D3-BF4B-00C04F79EFBC}") = "WWAnalogFilterDesign", "..\WWAnalogFilterDesign\WWAnalogFilterDesign.csproj", "{1E839CF4-3899-48BE-A4B2-047CA45BFBC2}"
EndProject
Project("{FAE04EC0-301F-11D3-BF4B-00C04F79EFBC}") = "WWDigitalFilter", "..\WWDigitalFilter\WWDigitalFilter.csproj", "{AA920458-2ED6-464C-A282-9A2F1DF6D09B}"
EndProject
Project("{8BC9CEB8-8B4A-11D0-8D11-00A0C91BC942}") = "WWFilterCppvs2010", "..\WWFilterCpp\WWFilterCpp.vcxproj", "{1CB7137C-49A4-4BF6-B5F3-B9271C8885CB}"
EndProject
Project("{FAE04EC0-301F-11D3-BF4B-00C04F79EFBC}") = "WWFilterCppCs", "..\WWFilterCppCs\WWFilterCppCs.csproj", "{1D2FED4A-D40F-4A8F-A963-4C733B8EDD04}"
	ProjectSection(ProjectDependencies) = postProject
		{1CB7137C-49A4-4BF6-B5F3-B9271C8885CB} = {1CB7137C-49A4-4BF6-B5F3-B9271C8885CB}
	EndProjectSection
EndProject
Project("{8BC9CEB8-8B4A-11D0-8D11-00A0C91BC942}") = "WWDSPCppVs2010", "..\WWDSPCpp\WWDSPCppVs2010.vcxproj", "{A7D636E0-5D03-424B-BE66-1B7EF35168D9}"
EndProject
Global
	GlobalSection(SolutionConfigurationPlatforms) = preSolution
		Debug|Any CPU = Debug|Any CPU
		Debug|Win32 = Debug|Win32
		Debug|x64 = Debug|x64
		Debug|x86 = Debug|x86
		Release|Any CPU = Release|Any CPU
		Release|Win32 = Release|Win32
		Release|x64 = Release|x64
		Release|x86 = Release|x86
	EndGlobalSection
	GlobalSection(ProjectConfigurationPlatforms) = postSolution
		{DA071B6A-B2E2-4567-84D1-5A9122DAB75C}.Debug|Any CPU.ActiveCfg = Debug|x86
		{DA071B6A-B2E2-4567-84D1-5A9122DAB75C}.Debug|Win32.ActiveCfg = Debug|x86
		{DA071B6A-B2E2-4567-84D1-5A9122DAB75C}.Debug|x64.ActiveCfg = Debug|x64
		{DA071B6A-B2E2-4567-84D1-5A9122DAB75C}.Debug|x64.Build.0 = Debug|x64
		{DA071B6A-B2E2-4567-84D1-5A9122DAB75C}.Debug|x86.ActiveCfg = Debug|x86
		{DA071B6A-B2E2-4567-84D1-5A9122DAB75C}.Debug|x86.Build.0 = Debug|x86
		{DA071B6A-B2E2-4567-84D1-5A9122DAB75C}.Release|Any CPU.ActiveCfg = Release|x86
		{DA071B6A-B2E2-4567-84D1-5A9122DAB75C}.Release|Win32.ActiveCfg = Release|x86
		{DA071B6A-B2E2-4567-84D1-5A9122DAB75C}.Release|x64.ActiveCfg = Release|x64
		{DA071B6A-B2E2-4567-84D1-5A9122DAB75C}.Release|x64.Build.0 = Release|x64
		{DA071B6A-B2E2-4567-84D1-5A9122DAB75C}.Release|x86.ActiveCfg = Release|x86
		{DA071B6A-B2E2-4567-84D1-5A9122DAB75C}.Release|x86.Build.0 = Release|x86
		{C2210BF3-3EAF-42BF-992D-BE6D84A3CC8A}.Debug|Any CPU.ActiveCfg = Debug|x64
		{C2210BF3-3EAF-42BF-992D-BE6D84A3CC8A}.Debug|Win32.ActiveCfg = Debug|Win32
		{C2210BF3-3EAF-42BF-992D-BE6D84A3CC8A}.Debug|Win32.Build.0 = Debug|Win32
		{C2210BF3-3EAF-42BF-992D-BE6D84A3CC8A}.Debug|x64.ActiveCfg = Debug|x64
		{C2210BF3-3EAF-42BF-992D-BE6D84A3CC8A}.Debug|x64.Build.0 = Debug|x64
		{C2210BF3-3EAF-42BF-992D-BE6D84A3CC8A}.Debug|x86.ActiveCfg = Debug|Win32
		{C2210BF3-3EAF-42BF-992D-BE6D84A3CC8A}.Debug|x86.Build.0 = Debug|Win32
		{C2210BF3-3EAF-42BF-992D-BE6D84A3CC8A}.Release|Any CPU.ActiveCfg = Release|x64
		{C2210BF3-3EAF-42BF-992D-BE6D84A3CC8A}.Release|Win32.ActiveCfg = Release|Win32
		{C2210BF3-3EAF-42BF-992D-BE6D84A3CC8A}.Release|Win32.Build.0 = Release|Win32
		{C2210BF3-3EAF-42BF-992D-BE6D84A3CC8A}.Release|x64.ActiveCfg = Release|x64
		{C2210BF3-3EAF-42BF-992D-BE6D84A3CC8A}.Release|x64.Build.0 = Release|x64
		{C2210BF3-3EAF-42BF-992D-BE6D84A3CC8A}.Release|x86.ActiveCfg = Release|Win32
		{C2210BF3-3EAF-42BF-992D-BE6D84A3CC8A}.Release|x86.Build.0 = Release|Win32
		{03E90420-3E92-4F6D-82FC-1FCB242CF6E4}.Debug|Any CPU.ActiveCfg = Debug|x64
		{03E90420-3E92-4F6D-82FC-1FCB242CF6E4}.Debug|Win32.ActiveCfg = Debug|x64
		{03E90420-3E92-4F6D-82FC-1FCB242CF6E4}.Debug|x64.ActiveCfg = Debug|x64
		{03E90420-3E92-4F6D-82FC-1FCB242CF6E4}.Debug|x64.Build.0 = Debug|x64
		{03E90420-3E92-4F6D-82FC-1FCB242CF6E4}.Debug|x86.ActiveCfg = Debug|x86
		{03E90420-3E92-4F6D-82FC-1FCB242CF6E4}.Debug|x86.Build.0 = Debug|x86
		{03E90420-3E92-4F6D-82FC-1FCB242CF6E4}.Release|Any CPU.ActiveCfg = Release|x64
		{03E90420-3E92-4F6D-82FC-1FCB242CF6E4}.Release|Win32.ActiveCfg = Release|x64
		{03E90420-3E92-4F6D-82FC-1FCB242CF6E4}.Release|x64.ActiveCfg = Release|x64
		{03E90420-3E92-4F6D-82FC-1FCB242CF6E4}.Release|x64.Build.0 = Release|x64
		{03E90420-3E92-4F6D-82FC-1FCB242CF6E4}.Release|x86.ActiveCfg = Release|x86
		{03E90420-3E92-4F6D-82FC-1FCB242CF6E4}.Release|x86.Build.0 = Release|x86
		{77005090-E2C5-4063-9681-0D0EED33A2B2}.Debug|Any CPU.ActiveCfg = Debug|x86
		{77005090-E2C5-4063-9681-0D0EED33A2B2}.Debug|Win32.ActiveCfg = Debug|x86
		{77005090-E2C5-4063-9681-0D0EED33A2B2}.Debug|x64.ActiveCfg = Debug|x64
		{77005090-E2C5-4063-9681-0D0EED33A2B2}.Debug|x64.Build.0 = Debug|x64
		{77005090-E2C5-4063-9681-0D0EED33A2B2}.Debug|x86.ActiveCfg = Debug|x86
		{77005090-E2C5-4063-9681-0D0EED33A2B2}.Debug|x86.Build.0 = Debug|x86
		{77005090-E2C5-4063-9681-0D0EED33A2B2}.Release|Any CPU.ActiveCfg = Release|x86
		{77005090-E2C5-4063-9681-0D0EED33A2B2}.Release|Win32.ActiveCfg = Release|x86
		{77005090-E2C5-4063-9681-0D0EED33A2B2}.Release|x64.ActiveCfg = Release|x64
		{77005090-E2C5-4063-9681-0D0EED33A2B2}.Release|x64.Build.0 = Release|x64
		{77005090-E2C5-4063-9681-0D0EED33A2B2}.Release|x86.ActiveCfg = Release|x86
		{77005090-E2C5-4063-9681-0D0EED33A2B2}.Release|x86.Build.0 = Release|x86
		{7AF36E7B-839D-4C2F-AAFD-6D8319714D66}.Debug|Any CPU.ActiveCfg = Debug|x86
		{7AF36E7B-839D-4C2F-AAFD-6D8319714D66}.Debug|Win32.ActiveCfg = Debug|x86
		{7AF36E7B-839D-4C2F-AAFD-6D8319714D66}.Debug|x64.ActiveCfg = Debug|x64
		{7AF36E7B-839D-4C2F-AAFD-6D8319714D66}.Debug|x64.Build.0 = Debug|x64
		{7AF36E7B-839D-4C2F-AAFD-6D8319714D66}.Debug|x86.ActiveCfg = Debug|x86
		{7AF36E7B-839D-4C2F-AAFD-6D8319714D66}.Debug|x86.Build.0 = Debug|x86
		{7AF36E7B-839D-4C2F-AAFD-6D8319714D66}.Release|Any CPU.ActiveCfg = Release|x86
		{7AF36E7B-839D-4C2F-AAFD-6D8319714D66}.Release|Win32.ActiveCfg = Release|x86
		{7AF36E7B-839D-4C2F-AAFD-6D8319714D66}.Release|x64.ActiveCfg = Release|x64
		{7AF36E7B-839D-4C2F-AAFD-6D8319714D66}.Release|x64.Build.0 = Release|x64
		{7AF36E7B-839D-4C2F-AAFD-6D8319714D66}.Release|x86.ActiveCfg = Release|x86
		{7AF36E7B-839D-4C2F-AAFD-6D8319714D66}.Release|x86.Build.0 = Release|x86
		{FC57308E-CF56-4B3E-B920-4093660D0A4A}.Debug|Any CPU.ActiveCfg = Debug|x86
		{FC57308E-CF56-4B3E-B920-4093660D0A4A}.Debug|Win32.ActiveCfg = Debug|x86
		{FC57308E-CF56-4B3E-B920-4093660D0A4A}.Debug|x64.ActiveCfg = Debug|x64
		{FC57308E-CF56-4B3E-B920-4093660D0A4A}.Debug|x64.Build.0 = Debug|x64
		{FC57308E-CF56-4B3E-B920-4093660D0A4A}.Debug|x86.ActiveCfg = Debug|x86
		{FC57308E-CF56-4B3E-B920-4093660D0A4A}.Debug|x86.Build.0 = Debug|x86
		{FC57308E-CF56-4B3E-B920-4093660D0A4A}.Release|Any CPU.ActiveCfg = Release|x86
		{FC57308E-CF56-4B3E-B920-4093660D0A4A}.Release|Win32.ActiveCfg = Release|x86
		{FC57308E-CF56-4B3E-B920-4093660D0A4A}.Release|x64.ActiveCfg = Release|x64
		{FC57308E-CF56-4B3E-B920-4093660D0A4A}.Release|x64.Build.0 = Release|x64
		{FC57308E-CF56-4B3E-B920-4093660D0A4A}.Release|x86.ActiveCfg = Release|x86
		{FC57308E-CF56-4B3E-B920-4093660D0A4A}.Release|x86.Build.0 = Release|x86
		{385ADACB-85D6-430A-9691-3A75C639C2AA}.Debug|Any CPU.ActiveCfg = Debug|x86
		{385ADACB-85D6-430A-9691-3A75C639C2AA}.Debug|Win32.ActiveCfg = Debug|x86
		{385ADACB-85D6-430A-9691-3A75C639C2AA}.Debug|x64.ActiveCfg = Debug|x64
		{385ADACB-85D6-430A-9691-3A75C639C2AA}.Debug|x64.Build.0 = Debug|x64
		{385ADACB-85D6-430A-9691-3A75C639C2AA}.Debug|x86.ActiveCfg = Debug|x86
		{385ADACB-85D6-430A-9691-3A75C639C2AA}.Debug|x86.Build.0 = Debug|x86
		{385ADACB-85D6-430A-9691-3A75C639C2AA}.Release|Any CPU.ActiveCfg = Release|x86
		{385ADACB-85D6-430A-9691-3A75C639C2AA}.Release|Win32.ActiveCfg = Release|x86
		{385ADACB-85D6-430A-9691-3A75C639C2AA}.Release|x64.ActiveCfg = Release|x64
		{385ADACB-85D6-430A-9691-3A75C639C2AA}.Release|x64.Build.0 = Release|x64
		{385ADACB-85D6-430A-9691-3A75C639C2AA}.Release|x86.ActiveCfg = Release|x86
		{385ADACB-85D6-430A-9691-3A75C639C2AA}.Release|x86.Build.0 = Release|x86
		{80F0BF47-21F6-4E12-BE21-4036F6C6F3A5}.Debug|Any CPU.ActiveCfg = Debug|x86
		{80F0BF47-21F6-4E12-BE21-4036F6C6F3A5}.Debug|Win32.ActiveCfg = Debug|x86
		{80F0BF47-21F6-4E12-BE21-4036F6C6F3A5}.Debug|x64.ActiveCfg = Debug|x64
		{80F0BF47-21F6-4E12-BE21-4036F6C6F3A5}.Debug|x64.Build.0 = Debug|x64
		{80F0BF47-21F6-4E12-BE21-4036F6C6F3A5}.Debug|x86.ActiveCfg = Debug|x86
		{80F0BF47-21F6-4E12-BE21-4036F6C6F3A5}.Debug|x86.Build.0 = Debug|x86
		{80F0BF47-21F6-4E12-BE21-4036F6C6F3A5}.Release|Any CPU.ActiveCfg = Release|x86
		{80F0BF47-21F6-4E12-BE21-4036F6C6F3A5}.Release|Win32.ActiveCfg = Release|x86
		{80F0BF47-21F6-4E12-BE21-4036F6C6F3A5}.Release|x64.ActiveCfg = Release|x64
		{80F0BF47-21F6-4E12-BE21-4036F6C6F3A5}.Release|x64.Build.0 = Release|x64
		{80F0BF47-21F6-4E12-BE21-4036F6C6F3A5}.Release|x86.ActiveCfg = Release|x86
		{80F0BF47-21F6-4E12-BE21-4036F6C6F3A5}.Release|x86.Build.0 = Release|x86
		{6F084186-D7CD-426F-BA48-0728F1EDF9FC}.Debug|Any CPU.ActiveCfg = Debug|x86
		{6F084186-D7CD-426F-BA48-0728F1EDF9FC}.Debug|Win32.ActiveCfg = Debug|x86
		{6F084186-D7CD-426F-BA48-0728F1EDF9FC}.Debug|x64.ActiveCfg = Debug|x64
		{6F084186-D7CD-426F-BA48-0728F1EDF9FC}.Debug|x64.Build.0 = Debug|x64
		{6F084186-D7CD-426F-BA48-0728F1EDF9FC}.Debug|x86.ActiveCfg = Debug|x86
		{6F084186-D7CD-426F-BA48-0728F1EDF9FC}.Debug|x86.Build.0 = Debug|x86
		{6F084186-D7CD-426F-BA48-0728F1EDF9FC}.Release|Any CPU.ActiveCfg = Release|x86
		{6F084186-D7CD-426F-BA48-0728F1EDF9FC}.Release|Win32.ActiveCfg = Release|x86
		{6F084186-D7CD-426F-BA48-0728F1EDF9FC}.Release|x64.ActiveCfg = Release|x64
		{6F084186-D7CD-426F-BA48-0728F1EDF9FC}.Release|x64.Build.0 = Release|x64
		{6F084186-D7CD-426F-BA48-0728F1EDF9FC}.Release|x86.ActiveCfg = Release|x86
		{6F084186-D7CD-426F-BA48-0728F1EDF9FC}.Release|x86.Build.0 = Release|x86
		{5A41EECC-9BB3-478E-B2A5-715CF1C61E8A}.Debug|Any CPU.ActiveCfg = Debug|x86
		{5A41EECC-9BB3-478E-B2A5-715CF1C61E8A}.Debug|Win32.ActiveCfg = Debug|x86
		{5A41EECC-9BB3-478E-B2A5-715CF1C61E8A}.Debug|x64.ActiveCfg = Debug|x64
		{5A41EECC-9BB3-478E-B2A5-715CF1C61E8A}.Debug|x64.Build.0 = Debug|x64
		{5A41EECC-9BB3-478E-B2A5-715CF1C61E8A}.Debug|x86.ActiveCfg = Debug|x86
		{5A41EECC-9BB3-478E-B2A5-715CF1C61E8A}.Debug|x86.Build.0 = Debug|x86
		{5A41EECC-9BB3-478E-B2A5-715CF1C61E8A}.Release|Any CPU.ActiveCfg = Release|x86
		{5A41EECC-9BB3-478E-B2A5-715CF1C61E8A}.Release|Win32.ActiveCfg = Release|x86
		{5A41EECC-9BB3-478E-B2A5-715CF1C61E8A}.Release|x64.ActiveCfg = Release|x64
		{5A41EECC-9BB3-478E-B2A5-715CF1C61E8A}.Release|x64.Build.0 = Release|x64
		{5A41EECC-9BB3-478E-B2A5-715CF1C61E8A}.Release|x86.ActiveCfg = Release|x86
		{5A41EECC-9BB3-478E-B2A5-715CF1C61E8A}.Release|x86.Build.0 = Release|x86
		{1E839CF4-3899-48BE-A4B2-047CA45BFBC2}.Debug|Any CPU.ActiveCfg = Debug|x86
		{1E839CF4-3899-48BE-A4B2-047CA45BFBC2}.Debug|Win32.ActiveCfg = Debug|x86
		{1E839CF4-3899-48BE-A4B2-047CA45BFBC2}.Debug|x64.ActiveCfg = Debug|x64
		{1E839CF4-3899-48BE-A4B2-047CA45BFBC2}.Debug|x64.Build.0 = Debug|x64
		{1E839CF4-3899-48BE-A4B2-047CA45BFBC2}.Debug|x86.ActiveCfg = Debug|x86
		{1E839CF4-3899-48BE-A4B2-047CA45BFBC2}.Debug|x86.Build.0 = Debug|x86
		{1E839CF4-3899-48BE-A4B2-047CA45BFBC2}.Release|Any CPU.ActiveCfg = Release|x86
		{1E839CF4-3899-48BE-A4B2-047CA45BFBC2}.Release|Win32.ActiveCfg = Release|x86
		{1E839CF4-3899-48BE-A4B2-047CA45BFBC2}.Release|x64.ActiveCfg = Release|x64
		{1E839CF4-3899-48BE-A4B2-047CA45BFBC2}.Release|x64.Build.0 = Release|x64
		{1E839CF4-3899-48BE-A4B2-047CA45BFBC2}.Release|x86.ActiveCfg = Release|x86
		{1E839CF4-3899-48BE-A4B2-047CA45BFBC2}.Release|x86.Build.0 = Release|x86
		{AA920458-2ED6-464C-A282-9A2F1DF6D09B}.Debug|Any CPU.ActiveCfg = Debug|x86
		{AA920458-2ED6-464C-A282-9A2F1DF6D09B}.Debug|Win32.ActiveCfg = Debug|x86
		{AA920458-2ED6-464C-A282-9A2F1DF6D09B}.Debug|x64.ActiveCfg = Debug|x64
		{AA920458-2ED6-464C-A282-9A2F1DF6D09B}.Debug|x64.Build.0 = Debug|x64
		{AA920458-2ED6-464C-A282-9A2F1DF6D09B}.Debug|x86.ActiveCfg = Debug|x86
		{AA920458-2ED6-464C-A282-9A2F1DF6D09B}.Debug|x86.Build.0 = Debug|x86
		{AA920458-2ED6-464C-A282-9A2F1DF6D09B}.Release|Any CPU.ActiveCfg = Release|x86
		{AA920458-2ED6-464C-A282-9A2F1DF6D09B}.Release|Win32.ActiveCfg = Release|x86
		{AA920458-2ED6-464C-A282-9A2F1DF6D09B}.Release|x64.ActiveCfg = Release|x64
		{AA920458-2ED6-464C-A282-9A2F1DF6D09B}.Release|x64.Build.0 = Release|x64
		{AA920458-2ED6-464C-A282-9A2F1DF6D09B}.Release|x86.ActiveCfg = Release|x86
		{AA920458-2ED6-464C-A282-9A2F1DF6D09B}.Release|x86.Build.0 = Release|x86
		{1CB7137C-49A4-4BF6-B5F3-B9271C8885CB}.Debug|Any CPU.ActiveCfg = Debug|x64
		{1CB7137C-49A4-4BF6-B5F3-B9271C8885CB}.Debug|Win32.ActiveCfg = Debug|Win32
		{1CB7137C-49A4-4BF6-B5F3-B9271C8885CB}.Debug|Win32.Build.0 = Debug|Win32
		{1CB7137C-49A4-4BF6-B5F3-B9271C8885CB}.Debug|x64.ActiveCfg = Debug|x64
		{1CB7137C-49A4-4BF6-B5F3-B9271C8885CB}.Debug|x64.Build.0 = Debug|x64
		{1CB7137C-49A4-4BF6-B5F3-B9271C8885CB}.Debug|x86.ActiveCfg = Debug|Win32
		{1CB7137C-49A4-4BF6-B5F3-B9271C8885CB}.Debug|x86.Build.0 = Debug|Win32
		{1CB7137C-49A4-4BF6-B5F3-B9271C8885CB}.Release|Any CPU.ActiveCfg = Release|x64
		{1CB7137C-49A4-4BF6-B5F3-B9271C8885CB}.Release|Win32.ActiveCfg = Release|Win32
		{1CB7137C-49A4-4BF6-B5F3-B9271C8885CB}.Release|Win32.Build.0 = Release|Win32
		{1CB7137C-49A4-4BF6-B5F3-B9271C8885CB}.Release|x64.ActiveCfg = Release|x64
		{1CB7137C-49A4-4BF6-B5F3-B9271C8885CB}.Release|x64.Build.0 = Release|x64
		{1CB7137C-49A4-4BF6-B5F3-B9271C8885CB}.Release|x86.ActiveCfg = Release|Win32
		{1CB7137C-49A4-4BF6-B5F3-B9271C8885CB}.Release|x86.Build.0 = Release|Win32
		{1D2FED4A-D40F-4A8F-A963-4C733B8EDD04}.Debug|Any CPU.ActiveCfg = Debug|Any CPU
		{1D2FED4A-D40F-4A8F-A963-4C733B8EDD04}.Debug|Any CPU.Build.0 = Debug|Any CPU
		{1D2FED4A-D40F-4A8F-A963-4C733B8EDD04}.Debug|Win32.ActiveCfg = Debug|x86
		{1D2FED4A-D40F-4A8F-A963-4C733B8EDD04}.Debug|x64.ActiveCfg = Debug|x64
		{1D2FED4A-D40F-4A8F-A963-4C733B8EDD04}.Debug|x64.Build.0 = Debug|x64
		{1D2FED4A-D40F-4A8F-A963-4C733B8EDD04}.Debug|x86.ActiveCfg = Debug|x86
		{1D2FED4A-D40F-4A8F-A963-4C733B8EDD04}.Debug|x86.Build.0 = Debug|x86
		{1D2FED4A-D40F-4A8F-A963-4C733B8EDD04}.Release|Any CPU.ActiveCfg = Release|Any CPU
		{1D2FED4A-D40F-4A8F-A963-4C733B8EDD04}.Release|Any CPU.Build.0 = Release|Any CPU
		{1D2FED4A-D40F-4A8F-A963-4C733B8EDD04}.Release|Win32.ActiveCfg = Release|x86
		{1D2FED4A-D40F-4A8F-A963-4C733B8EDD04}.Release|x64.ActiveCfg = Release|x64
		{1D2FED4A-D40F-4A8F-A963-4C733B8EDD04}.Release|x64.Build.0 = Release|x64
		{1D2FED4A-D40F-4A8F-A963-4C733B8EDD04}.Release|x86.ActiveCfg = Release|x86
		{1D2FED4A-D40F-4A8F-A963-4C733B8EDD04}.Release|x86.Build.0 = Release|x86
		{A7D636E0-5D03-424B-BE66-1B7EF35168D9}.Debug|Any CPU.ActiveCfg = Debug|x64
		{A7D636E0-5D03-424B-BE66-1B7EF35168D9}.Debug|Win32.ActiveCfg = Debug|Win32
		{A7D636E0-5D03-424B-BE66-1B7EF35168D9}.Debug|Win32.Build.0 = Debug|Win32
		{A7D636E0-5D03-424B-BE66-1B7EF35168D9}.Debug|x64.ActiveCfg = Debug|x64
		{A7D636E0-5D03-424B-BE66-1B7EF35168D9}.Debug|x64.Build.0 = Debug|x64
		{A7D636E0-5D03-424B-BE66-1B7EF35168D9}.Debug|x86.ActiveCfg = Debug|Win32
		{A7D636E0-5D03-424B-BE66-1B7EF35168D9}.Debug|x86.Build.0 = Debug|Win32
		{A7D636E0-5D03-424B-BE66-1B7EF35168D9}.Release|Any CPU.ActiveCfg = Release|x64
		{A7D636E0-5D03-424B-BE66-1B7EF35168D9}.Release|Win32.ActiveCfg = Release|Win32
		{A7D636E0-5D03-424B-BE66-1B7EF35168D9}.Release|Win32.Build.0 = Release|Win32
		{A7D636E0-5D03-424B-BE66-1B7EF35168D9}.Release|x64.ActiveCfg = Release|x64
		{A7D636E0-5D03-424B-BE66-1B7EF35168D9}.Release|x64.Build.0 = Release|x64
		{A7D636E0-5D03-424B-BE66-1B7EF35168D9}.Release|x86.ActiveCfg = Release|Win32
		{A7D636E0-5D03-424B-BE66-1B7EF35168D9}.Release|x86.Build.0 = Release|Win32
	EndGlobalSection
	GlobalSection(SolutionProperties) = preSolution
		HideSolutionNode = FALSE
	EndGlobalSection
EndGlobal
