
Microsoft Visual Studio Solution File, Format Version 12.00
# Visual Studio 15
VisualStudioVersion = 15.0.28307.1022
MinimumVisualStudioVersion = 10.0.40219.1
Project("{FAE04EC0-301F-11D3-BF4B-00C04F79EFBC}") = "WWCompareTwoImages", "WWCompareTwoImages.csproj", "{39232881-C7F0-4DBD-92A5-8878EAA73B0E}"
EndProject
Global
	GlobalSection(SolutionConfigurationPlatforms) = preSolution
		Debug|Any CPU = Debug|Any CPU
		Release|Any CPU = Release|Any CPU
	EndGlobalSection
	GlobalSection(ProjectConfigurationPlatforms) = postSolution
		{39232881-C7F0-4DBD-92A5-8878EAA73B0E}.Debug|Any CPU.ActiveCfg = Debug|Any CPU
		{39232881-C7F0-4DBD-92A5-8878EAA73B0E}.Debug|Any CPU.Build.0 = Debug|Any CPU
		{39232881-C7F0-4DBD-92A5-8878EAA73B0E}.Release|Any CPU.ActiveCfg = Release|Any CPU
		{39232881-C7F0-4DBD-92A5-8878EAA73B0E}.Release|Any CPU.Build.0 = Release|Any CPU
	EndGlobalSection
	GlobalSection(SolutionProperties) = preSolution
		HideSolutionNode = FALSE
	EndGlobalSection
	GlobalSection(ExtensibilityGlobals) = postSolution
		SolutionGuid = {10335E01-219A-4FE3-B17F-69C2C4FBCCF0}
	EndGlobalSection
EndGlobal
